// !$*UTF8*$!
{
	archiveVersion = 1;
	classes = {
	};
	objectVersion = 56;
	objects = {

/* Begin PBXBuildFile section */
		6502D6A82A595315000F96E0 /* AppDelegate.swift in Sources */ = {isa = PBXBuildFile; fileRef = 6502D6A72A595315000F96E0 /* AppDelegate.swift */; };
		6502D6AC2A595315000F96E0 /* MainVC.swift in Sources */ = {isa = PBXBuildFile; fileRef = 6502D6AB2A595315000F96E0 /* MainVC.swift */; };
		6502D6B22A595315000F96E0 /* OneDot.xcdatamodeld in Sources */ = {isa = PBXBuildFile; fileRef = 6502D6B02A595315000F96E0 /* OneDot.xcdatamodeld */; };
		6502D6B42A595316000F96E0 /* Assets.xcassets in Resources */ = {isa = PBXBuildFile; fileRef = 6502D6B32A595316000F96E0 /* Assets.xcassets */; };
		6502D6C22A595316000F96E0 /* OneDotTests.swift in Sources */ = {isa = PBXBuildFile; fileRef = 6502D6C12A595316000F96E0 /* OneDotTests.swift */; };
		6502D6CC2A595316000F96E0 /* OneDotUITests.swift in Sources */ = {isa = PBXBuildFile; fileRef = 6502D6CB2A595316000F96E0 /* OneDotUITests.swift */; };
		6502D6CE2A595316000F96E0 /* OneDotUITestsLaunchTests.swift in Sources */ = {isa = PBXBuildFile; fileRef = 6502D6CD2A595316000F96E0 /* OneDotUITestsLaunchTests.swift */; };
		6502D6E52A595AC6000F96E0 /* ProfileVC.swift in Sources */ = {isa = PBXBuildFile; fileRef = 6502D6E42A595AC6000F96E0 /* ProfileVC.swift */; };
		6502D6EC2A59A517000F96E0 /* UIColor + Extansions.swift in Sources */ = {isa = PBXBuildFile; fileRef = 6502D6EB2A59A517000F96E0 /* UIColor + Extansions.swift */; };
		6502D6F02A5C9A1F000F96E0 /* TabBar.swift in Sources */ = {isa = PBXBuildFile; fileRef = 6502D6EF2A5C9A1F000F96E0 /* TabBar.swift */; };
		650DD1EA2AFDB7C8009AAD2D /* TraitCollectionManager.swift in Sources */ = {isa = PBXBuildFile; fileRef = 650DD1E92AFDB7C8009AAD2D /* TraitCollectionManager.swift */; };
		6521308C2AC46F400056DEA5 /* GreetingView.swift in Sources */ = {isa = PBXBuildFile; fileRef = 6521308B2AC46F400056DEA5 /* GreetingView.swift */; };
		6521308E2AC587210056DEA5 /* Aimator.swift in Sources */ = {isa = PBXBuildFile; fileRef = 6521308D2AC587210056DEA5 /* Aimator.swift */; };
		653A88112ADBC629007EDD97 /* NotificationButtonView.swift in Sources */ = {isa = PBXBuildFile; fileRef = 653A88102ADBC629007EDD97 /* NotificationButtonView.swift */; };
		654893992AAE8099005039DF /* MainBarHeader.swift in Sources */ = {isa = PBXBuildFile; fileRef = 654893982AAE8099005039DF /* MainBarHeader.swift */; };
		65551C772AC5D8CF00CE3309 /* Shaper.swift in Sources */ = {isa = PBXBuildFile; fileRef = 65551C762AC5D8CF00CE3309 /* Shaper.swift */; };
		65551C792AC60F5A00CE3309 /* UserDefaultsManager.swift in Sources */ = {isa = PBXBuildFile; fileRef = 65551C782AC60F5A00CE3309 /* UserDefaultsManager.swift */; };
		65551C7C2AC61E4100CE3309 /* SettingsVC.swift in Sources */ = {isa = PBXBuildFile; fileRef = 65551C7B2AC61E4100CE3309 /* SettingsVC.swift */; };
		65657FBA2AD415920081F5D7 /* MeasuringButtonView.swift in Sources */ = {isa = PBXBuildFile; fileRef = 65657FB92AD415920081F5D7 /* MeasuringButtonView.swift */; };
		65657FC02AD5D5B60081F5D7 /* NotificationsSettingsViewCell.swift in Sources */ = {isa = PBXBuildFile; fileRef = 65657FBF2AD5D5B60081F5D7 /* NotificationsSettingsViewCell.swift */; };
		65663C732AF5025200241E3E /* MainBarBodyBase.swift in Sources */ = {isa = PBXBuildFile; fileRef = 65663C722AF5025200241E3E /* MainBarBodyBase.swift */; };
		657AEA022B00113B001129DD /* MainBarColorThemesCollectionCell.swift in Sources */ = {isa = PBXBuildFile; fileRef = 657AEA012B00113B001129DD /* MainBarColorThemesCollectionCell.swift */; };
		657D66252AA8693400397427 /* gitignore in Resources */ = {isa = PBXBuildFile; fileRef = 657D66242AA8693400397427 /* gitignore */; };
		657D66272AA86D7000397427 /* AlertController.swift in Sources */ = {isa = PBXBuildFile; fileRef = 657D66262AA86D7000397427 /* AlertController.swift */; };
		6584A5B12ADBC710003C97CF /* IntegrationsButtonView.swift in Sources */ = {isa = PBXBuildFile; fileRef = 6584A5B02ADBC710003C97CF /* IntegrationsButtonView.swift */; };
		6584A5B42ADBC77E003C97CF /* ColorThemesButtonView.swift in Sources */ = {isa = PBXBuildFile; fileRef = 6584A5B32ADBC77E003C97CF /* ColorThemesButtonView.swift */; };
		6584A5B72ADBC81E003C97CF /* LinksButtton.swift in Sources */ = {isa = PBXBuildFile; fileRef = 6584A5B62ADBC81E003C97CF /* LinksButtton.swift */; };
		6589BFDD2AD942EC00DE4E97 /* ColorThemesViewCell.swift in Sources */ = {isa = PBXBuildFile; fileRef = 6589BFDC2AD942EC00DE4E97 /* ColorThemesViewCell.swift */; };
		6589BFDF2ADAC27700DE4E97 /* IntegrationsViewCell.swift in Sources */ = {isa = PBXBuildFile; fileRef = 6589BFDE2ADAC27700DE4E97 /* IntegrationsViewCell.swift */; };
		6589BFE12ADAEBB500DE4E97 /* LinksViewCell.swift in Sources */ = {isa = PBXBuildFile; fileRef = 6589BFE02ADAEBB500DE4E97 /* LinksViewCell.swift */; };
		659008162AF1D58F008C208D /* MainBarAppleMusicView.swift in Sources */ = {isa = PBXBuildFile; fileRef = 659008152AF1D58F008C208D /* MainBarAppleMusicView.swift */; };
		659008182AF1D5C1008C208D /* MainBarColorThemesView.swift in Sources */ = {isa = PBXBuildFile; fileRef = 659008172AF1D5C1008C208D /* MainBarColorThemesView.swift */; };
		659879222AB48BBD004F6E2D /* MainBarHeadButton.swift in Sources */ = {isa = PBXBuildFile; fileRef = 659879212AB48BBD004F6E2D /* MainBarHeadButton.swift */; };
		65C517062AF0217B00095AFE /* MainBarDistancePaceView.swift in Sources */ = {isa = PBXBuildFile; fileRef = 65C517052AF0217B00095AFE /* MainBarDistancePaceView.swift */; };
		65C82A052AEAC3220022C69B /* SettingsBaseViewCell.swift in Sources */ = {isa = PBXBuildFile; fileRef = 65C82A042AEAC3220022C69B /* SettingsBaseViewCell.swift */; };
		65C8CF102AD2241A00BDC35D /* MeasuringSettingsViewCell.swift in Sources */ = {isa = PBXBuildFile; fileRef = 65C8CF0F2AD2241A00BDC35D /* MeasuringSettingsViewCell.swift */; };
		65D473712AC2E2A700551E66 /* MainBarHeadGPS.swift in Sources */ = {isa = PBXBuildFile; fileRef = 65D473702AC2E2A700551E66 /* MainBarHeadGPS.swift */; };
		65E060342AC0E62800AD5DD6 /* NavigationVC.swift in Sources */ = {isa = PBXBuildFile; fileRef = 65E060332AC0E62800AD5DD6 /* NavigationVC.swift */; };
		65EC20772AEEBD3800410905 /* CGFloat + Extansions.swift in Sources */ = {isa = PBXBuildFile; fileRef = 65EC20762AEEBD3800410905 /* CGFloat + Extansions.swift */; };
		65EC20792AEF008500410905 /* SettingsBaseButton.swift in Sources */ = {isa = PBXBuildFile; fileRef = 65EC20782AEF008500410905 /* SettingsBaseButton.swift */; };
		65EDA5802AEA3E0B007B6AE5 /* MainBarHeadPicker.swift in Sources */ = {isa = PBXBuildFile; fileRef = 65EDA57F2AEA3E0B007B6AE5 /* MainBarHeadPicker.swift */; };
		65EDA5872AEA948D007B6AE5 /* InTheRoomExercises.swift in Sources */ = {isa = PBXBuildFile; fileRef = 65EDA5862AEA948D007B6AE5 /* InTheRoomExercises.swift */; };
		65EDA58B2AEA950F007B6AE5 /* FactoryExercises.swift in Sources */ = {isa = PBXBuildFile; fileRef = 65EDA58A2AEA950F007B6AE5 /* FactoryExercises.swift */; };
		65EDA58D2AEA951D007B6AE5 /* ExerciseProtocol.swift in Sources */ = {isa = PBXBuildFile; fileRef = 65EDA58C2AEA951D007B6AE5 /* ExerciseProtocol.swift */; };
		65EDA58F2AEA952E007B6AE5 /* OnTheStreetExercises.swift in Sources */ = {isa = PBXBuildFile; fileRef = 65EDA58E2AEA952E007B6AE5 /* OnTheStreetExercises.swift */; };
		65FF25DE2AF8BD9F0008F492 /* MainBarBodyButton.swift in Sources */ = {isa = PBXBuildFile; fileRef = 65FF25DD2AF8BD9F0008F492 /* MainBarBodyButton.swift */; };
		65FF25E02AF988C10008F492 /* MainBarSpeedPaceView.swift in Sources */ = {isa = PBXBuildFile; fileRef = 65FF25DF2AF988C10008F492 /* MainBarSpeedPaceView.swift */; };
		65FF25E22AF988E40008F492 /* MainBarHeartZonesView.swift in Sources */ = {isa = PBXBuildFile; fileRef = 65FF25E12AF988E40008F492 /* MainBarHeartZonesView.swift */; };
		65FF25E42AF989830008F492 /* MainBarMetronomeView.swift in Sources */ = {isa = PBXBuildFile; fileRef = 65FF25E32AF989830008F492 /* MainBarMetronomeView.swift */; };
		65FF25E62AF98A5B0008F492 /* MainBarStoriesView.swift in Sources */ = {isa = PBXBuildFile; fileRef = 65FF25E52AF98A5B0008F492 /* MainBarStoriesView.swift */; };
		65FF25E82AF98A7D0008F492 /* MainBarWidgetsView.swift in Sources */ = {isa = PBXBuildFile; fileRef = 65FF25E72AF98A7D0008F492 /* MainBarWidgetsView.swift */; };
		65FF25EF2AFAE39F0008F492 /* ColorSetUpdateProtocol.swift in Sources */ = {isa = PBXBuildFile; fileRef = 65FF25EE2AFAE39F0008F492 /* ColorSetUpdateProtocol.swift */; };
		65FF25F22AFB70440008F492 /* ColorSetProtocol.swift in Sources */ = {isa = PBXBuildFile; fileRef = 65FF25F12AFB70440008F492 /* ColorSetProtocol.swift */; };
		65FF25F42AFB718D0008F492 /* ColorSetCollection.swift in Sources */ = {isa = PBXBuildFile; fileRef = 65FF25F32AFB718D0008F492 /* ColorSetCollection.swift */; };
		65FF25F62AFB78190008F492 /* FactoryColorSet.swift in Sources */ = {isa = PBXBuildFile; fileRef = 65FF25F52AFB78190008F492 /* FactoryColorSet.swift */; };
/* End PBXBuildFile section */

/* Begin PBXContainerItemProxy section */
		6502D6BE2A595316000F96E0 /* PBXContainerItemProxy */ = {
			isa = PBXContainerItemProxy;
			containerPortal = 6502D69C2A595315000F96E0 /* Project object */;
			proxyType = 1;
			remoteGlobalIDString = 6502D6A32A595315000F96E0;
			remoteInfo = OneDot;
		};
		6502D6C82A595316000F96E0 /* PBXContainerItemProxy */ = {
			isa = PBXContainerItemProxy;
			containerPortal = 6502D69C2A595315000F96E0 /* Project object */;
			proxyType = 1;
			remoteGlobalIDString = 6502D6A32A595315000F96E0;
			remoteInfo = OneDot;
		};
/* End PBXContainerItemProxy section */

/* Begin PBXFileReference section */
		6502D6A42A595315000F96E0 /* OneDot.app */ = {isa = PBXFileReference; explicitFileType = wrapper.application; includeInIndex = 0; path = OneDot.app; sourceTree = BUILT_PRODUCTS_DIR; };
		6502D6A72A595315000F96E0 /* AppDelegate.swift */ = {isa = PBXFileReference; lastKnownFileType = sourcecode.swift; path = AppDelegate.swift; sourceTree = "<group>"; };
		6502D6AB2A595315000F96E0 /* MainVC.swift */ = {isa = PBXFileReference; lastKnownFileType = sourcecode.swift; path = MainVC.swift; sourceTree = "<group>"; };
		6502D6B12A595315000F96E0 /* OneDot.xcdatamodel */ = {isa = PBXFileReference; lastKnownFileType = wrapper.xcdatamodel; path = OneDot.xcdatamodel; sourceTree = "<group>"; };
		6502D6B32A595316000F96E0 /* Assets.xcassets */ = {isa = PBXFileReference; lastKnownFileType = folder.assetcatalog; path = Assets.xcassets; sourceTree = "<group>"; };
		6502D6B82A595316000F96E0 /* Info.plist */ = {isa = PBXFileReference; lastKnownFileType = text.plist.xml; path = Info.plist; sourceTree = "<group>"; };
		6502D6BD2A595316000F96E0 /* OneDotTests.xctest */ = {isa = PBXFileReference; explicitFileType = wrapper.cfbundle; includeInIndex = 0; path = OneDotTests.xctest; sourceTree = BUILT_PRODUCTS_DIR; };
		6502D6C12A595316000F96E0 /* OneDotTests.swift */ = {isa = PBXFileReference; lastKnownFileType = sourcecode.swift; path = OneDotTests.swift; sourceTree = "<group>"; };
		6502D6C72A595316000F96E0 /* OneDotUITests.xctest */ = {isa = PBXFileReference; explicitFileType = wrapper.cfbundle; includeInIndex = 0; path = OneDotUITests.xctest; sourceTree = BUILT_PRODUCTS_DIR; };
		6502D6CB2A595316000F96E0 /* OneDotUITests.swift */ = {isa = PBXFileReference; lastKnownFileType = sourcecode.swift; path = OneDotUITests.swift; sourceTree = "<group>"; };
		6502D6CD2A595316000F96E0 /* OneDotUITestsLaunchTests.swift */ = {isa = PBXFileReference; lastKnownFileType = sourcecode.swift; path = OneDotUITestsLaunchTests.swift; sourceTree = "<group>"; };
		6502D6E42A595AC6000F96E0 /* ProfileVC.swift */ = {isa = PBXFileReference; lastKnownFileType = sourcecode.swift; path = ProfileVC.swift; sourceTree = "<group>"; };
		6502D6EB2A59A517000F96E0 /* UIColor + Extansions.swift */ = {isa = PBXFileReference; lastKnownFileType = sourcecode.swift; path = "UIColor + Extansions.swift"; sourceTree = "<group>"; };
		6502D6EF2A5C9A1F000F96E0 /* TabBar.swift */ = {isa = PBXFileReference; lastKnownFileType = sourcecode.swift; path = TabBar.swift; sourceTree = "<group>"; };
		650DD1E92AFDB7C8009AAD2D /* TraitCollectionManager.swift */ = {isa = PBXFileReference; lastKnownFileType = sourcecode.swift; path = TraitCollectionManager.swift; sourceTree = "<group>"; };
		6521308B2AC46F400056DEA5 /* GreetingView.swift */ = {isa = PBXFileReference; lastKnownFileType = sourcecode.swift; path = GreetingView.swift; sourceTree = "<group>"; };
		6521308D2AC587210056DEA5 /* Aimator.swift */ = {isa = PBXFileReference; lastKnownFileType = sourcecode.swift; path = Aimator.swift; sourceTree = "<group>"; };
		653A88102ADBC629007EDD97 /* NotificationButtonView.swift */ = {isa = PBXFileReference; lastKnownFileType = sourcecode.swift; path = NotificationButtonView.swift; sourceTree = "<group>"; };
		654893982AAE8099005039DF /* MainBarHeader.swift */ = {isa = PBXFileReference; lastKnownFileType = sourcecode.swift; path = MainBarHeader.swift; sourceTree = "<group>"; };
		65551C762AC5D8CF00CE3309 /* Shaper.swift */ = {isa = PBXFileReference; lastKnownFileType = sourcecode.swift; path = Shaper.swift; sourceTree = "<group>"; };
		65551C782AC60F5A00CE3309 /* UserDefaultsManager.swift */ = {isa = PBXFileReference; lastKnownFileType = sourcecode.swift; path = UserDefaultsManager.swift; sourceTree = "<group>"; };
		65551C7B2AC61E4100CE3309 /* SettingsVC.swift */ = {isa = PBXFileReference; lastKnownFileType = sourcecode.swift; path = SettingsVC.swift; sourceTree = "<group>"; };
		65657FB92AD415920081F5D7 /* MeasuringButtonView.swift */ = {isa = PBXFileReference; lastKnownFileType = sourcecode.swift; path = MeasuringButtonView.swift; sourceTree = "<group>"; };
		65657FBF2AD5D5B60081F5D7 /* NotificationsSettingsViewCell.swift */ = {isa = PBXFileReference; lastKnownFileType = sourcecode.swift; path = NotificationsSettingsViewCell.swift; sourceTree = "<group>"; };
		65663C722AF5025200241E3E /* MainBarBodyBase.swift */ = {isa = PBXFileReference; lastKnownFileType = sourcecode.swift; path = MainBarBodyBase.swift; sourceTree = "<group>"; };
		657AEA012B00113B001129DD /* MainBarColorThemesCollectionCell.swift */ = {isa = PBXFileReference; lastKnownFileType = sourcecode.swift; path = MainBarColorThemesCollectionCell.swift; sourceTree = "<group>"; };
		657D66242AA8693400397427 /* gitignore */ = {isa = PBXFileReference; fileEncoding = 4; lastKnownFileType = text; path = gitignore; sourceTree = "<group>"; };
		657D66262AA86D7000397427 /* AlertController.swift */ = {isa = PBXFileReference; lastKnownFileType = sourcecode.swift; path = AlertController.swift; sourceTree = "<group>"; };
		6584A5B02ADBC710003C97CF /* IntegrationsButtonView.swift */ = {isa = PBXFileReference; lastKnownFileType = sourcecode.swift; path = IntegrationsButtonView.swift; sourceTree = "<group>"; };
		6584A5B32ADBC77E003C97CF /* ColorThemesButtonView.swift */ = {isa = PBXFileReference; lastKnownFileType = sourcecode.swift; path = ColorThemesButtonView.swift; sourceTree = "<group>"; };
		6584A5B62ADBC81E003C97CF /* LinksButtton.swift */ = {isa = PBXFileReference; lastKnownFileType = sourcecode.swift; path = LinksButtton.swift; sourceTree = "<group>"; };
		6589BFDC2AD942EC00DE4E97 /* ColorThemesViewCell.swift */ = {isa = PBXFileReference; lastKnownFileType = sourcecode.swift; path = ColorThemesViewCell.swift; sourceTree = "<group>"; };
		6589BFDE2ADAC27700DE4E97 /* IntegrationsViewCell.swift */ = {isa = PBXFileReference; lastKnownFileType = sourcecode.swift; path = IntegrationsViewCell.swift; sourceTree = "<group>"; };
		6589BFE02ADAEBB500DE4E97 /* LinksViewCell.swift */ = {isa = PBXFileReference; lastKnownFileType = sourcecode.swift; path = LinksViewCell.swift; sourceTree = "<group>"; };
		659008152AF1D58F008C208D /* MainBarAppleMusicView.swift */ = {isa = PBXFileReference; lastKnownFileType = sourcecode.swift; path = MainBarAppleMusicView.swift; sourceTree = "<group>"; };
		659008172AF1D5C1008C208D /* MainBarColorThemesView.swift */ = {isa = PBXFileReference; lastKnownFileType = sourcecode.swift; path = MainBarColorThemesView.swift; sourceTree = "<group>"; };
		659879212AB48BBD004F6E2D /* MainBarHeadButton.swift */ = {isa = PBXFileReference; lastKnownFileType = sourcecode.swift; path = MainBarHeadButton.swift; sourceTree = "<group>"; };
		65C517052AF0217B00095AFE /* MainBarDistancePaceView.swift */ = {isa = PBXFileReference; lastKnownFileType = sourcecode.swift; path = MainBarDistancePaceView.swift; sourceTree = "<group>"; };
		65C82A042AEAC3220022C69B /* SettingsBaseViewCell.swift */ = {isa = PBXFileReference; lastKnownFileType = sourcecode.swift; path = SettingsBaseViewCell.swift; sourceTree = "<group>"; };
		65C8CF0F2AD2241A00BDC35D /* MeasuringSettingsViewCell.swift */ = {isa = PBXFileReference; lastKnownFileType = sourcecode.swift; path = MeasuringSettingsViewCell.swift; sourceTree = "<group>"; };
		65D473702AC2E2A700551E66 /* MainBarHeadGPS.swift */ = {isa = PBXFileReference; lastKnownFileType = sourcecode.swift; path = MainBarHeadGPS.swift; sourceTree = "<group>"; };
		65E060332AC0E62800AD5DD6 /* NavigationVC.swift */ = {isa = PBXFileReference; lastKnownFileType = sourcecode.swift; path = NavigationVC.swift; sourceTree = "<group>"; };
		65EC20762AEEBD3800410905 /* CGFloat + Extansions.swift */ = {isa = PBXFileReference; lastKnownFileType = sourcecode.swift; path = "CGFloat + Extansions.swift"; sourceTree = "<group>"; };
		65EC20782AEF008500410905 /* SettingsBaseButton.swift */ = {isa = PBXFileReference; lastKnownFileType = sourcecode.swift; path = SettingsBaseButton.swift; sourceTree = "<group>"; };
		65EDA57F2AEA3E0B007B6AE5 /* MainBarHeadPicker.swift */ = {isa = PBXFileReference; lastKnownFileType = sourcecode.swift; path = MainBarHeadPicker.swift; sourceTree = "<group>"; };
		65EDA5862AEA948D007B6AE5 /* InTheRoomExercises.swift */ = {isa = PBXFileReference; lastKnownFileType = sourcecode.swift; path = InTheRoomExercises.swift; sourceTree = "<group>"; };
		65EDA58A2AEA950F007B6AE5 /* FactoryExercises.swift */ = {isa = PBXFileReference; lastKnownFileType = sourcecode.swift; path = FactoryExercises.swift; sourceTree = "<group>"; };
		65EDA58C2AEA951D007B6AE5 /* ExerciseProtocol.swift */ = {isa = PBXFileReference; lastKnownFileType = sourcecode.swift; path = ExerciseProtocol.swift; sourceTree = "<group>"; };
		65EDA58E2AEA952E007B6AE5 /* OnTheStreetExercises.swift */ = {isa = PBXFileReference; lastKnownFileType = sourcecode.swift; path = OnTheStreetExercises.swift; sourceTree = "<group>"; };
		65FF25DD2AF8BD9F0008F492 /* MainBarBodyButton.swift */ = {isa = PBXFileReference; lastKnownFileType = sourcecode.swift; path = MainBarBodyButton.swift; sourceTree = "<group>"; };
		65FF25DF2AF988C10008F492 /* MainBarSpeedPaceView.swift */ = {isa = PBXFileReference; lastKnownFileType = sourcecode.swift; path = MainBarSpeedPaceView.swift; sourceTree = "<group>"; };
		65FF25E12AF988E40008F492 /* MainBarHeartZonesView.swift */ = {isa = PBXFileReference; lastKnownFileType = sourcecode.swift; path = MainBarHeartZonesView.swift; sourceTree = "<group>"; };
		65FF25E32AF989830008F492 /* MainBarMetronomeView.swift */ = {isa = PBXFileReference; lastKnownFileType = sourcecode.swift; path = MainBarMetronomeView.swift; sourceTree = "<group>"; };
		65FF25E52AF98A5B0008F492 /* MainBarStoriesView.swift */ = {isa = PBXFileReference; lastKnownFileType = sourcecode.swift; path = MainBarStoriesView.swift; sourceTree = "<group>"; };
		65FF25E72AF98A7D0008F492 /* MainBarWidgetsView.swift */ = {isa = PBXFileReference; lastKnownFileType = sourcecode.swift; path = MainBarWidgetsView.swift; sourceTree = "<group>"; };
		65FF25EE2AFAE39F0008F492 /* ColorSetUpdateProtocol.swift */ = {isa = PBXFileReference; lastKnownFileType = sourcecode.swift; path = ColorSetUpdateProtocol.swift; sourceTree = "<group>"; };
		65FF25F12AFB70440008F492 /* ColorSetProtocol.swift */ = {isa = PBXFileReference; lastKnownFileType = sourcecode.swift; path = ColorSetProtocol.swift; sourceTree = "<group>"; };
		65FF25F32AFB718D0008F492 /* ColorSetCollection.swift */ = {isa = PBXFileReference; lastKnownFileType = sourcecode.swift; path = ColorSetCollection.swift; sourceTree = "<group>"; };
		65FF25F52AFB78190008F492 /* FactoryColorSet.swift */ = {isa = PBXFileReference; lastKnownFileType = sourcecode.swift; path = FactoryColorSet.swift; sourceTree = "<group>"; };
/* End PBXFileReference section */

/* Begin PBXFrameworksBuildPhase section */
		6502D6A12A595315000F96E0 /* Frameworks */ = {
			isa = PBXFrameworksBuildPhase;
			buildActionMask = 2147483647;
			files = (
			);
			runOnlyForDeploymentPostprocessing = 0;
		};
		6502D6BA2A595316000F96E0 /* Frameworks */ = {
			isa = PBXFrameworksBuildPhase;
			buildActionMask = 2147483647;
			files = (
			);
			runOnlyForDeploymentPostprocessing = 0;
		};
		6502D6C42A595316000F96E0 /* Frameworks */ = {
			isa = PBXFrameworksBuildPhase;
			buildActionMask = 2147483647;
			files = (
			);
			runOnlyForDeploymentPostprocessing = 0;
		};
/* End PBXFrameworksBuildPhase section */

/* Begin PBXGroup section */
		6502D69B2A595315000F96E0 = {
			isa = PBXGroup;
			children = (
				657D66242AA8693400397427 /* gitignore */,
				6502D6A62A595315000F96E0 /* OneDot */,
				6502D6C02A595316000F96E0 /* OneDotTests */,
				6502D6CA2A595316000F96E0 /* OneDotUITests */,
				6502D6A52A595315000F96E0 /* Products */,
			);
			sourceTree = "<group>";
		};
		6502D6A52A595315000F96E0 /* Products */ = {
			isa = PBXGroup;
			children = (
				6502D6A42A595315000F96E0 /* OneDot.app */,
				6502D6BD2A595316000F96E0 /* OneDotTests.xctest */,
				6502D6C72A595316000F96E0 /* OneDotUITests.xctest */,
			);
			name = Products;
			sourceTree = "<group>";
		};
		6502D6A62A595315000F96E0 /* OneDot */ = {
			isa = PBXGroup;
			children = (
				6502D6DB2A59536C000F96E0 /* App */,
				6502D6DC2A595377000F96E0 /* Modules */,
				6502D6DE2A595731000F96E0 /* Models */,
				6502D6DF2A595738000F96E0 /* Services */,
				6502D6EA2A59A4EB000F96E0 /* Extansions */,
				6502D6DD2A595384000F96E0 /* Recourses */,
				6502D6DA2A59533B000F96E0 /* CoreData */,
			);
			path = OneDot;
			sourceTree = "<group>";
		};
		6502D6C02A595316000F96E0 /* OneDotTests */ = {
			isa = PBXGroup;
			children = (
				6502D6C12A595316000F96E0 /* OneDotTests.swift */,
			);
			path = OneDotTests;
			sourceTree = "<group>";
		};
		6502D6CA2A595316000F96E0 /* OneDotUITests */ = {
			isa = PBXGroup;
			children = (
				6502D6CB2A595316000F96E0 /* OneDotUITests.swift */,
				6502D6CD2A595316000F96E0 /* OneDotUITestsLaunchTests.swift */,
			);
			path = OneDotUITests;
			sourceTree = "<group>";
		};
		6502D6DA2A59533B000F96E0 /* CoreData */ = {
			isa = PBXGroup;
			children = (
				6502D6B02A595315000F96E0 /* OneDot.xcdatamodeld */,
			);
			path = CoreData;
			sourceTree = "<group>";
		};
		6502D6DB2A59536C000F96E0 /* App */ = {
			isa = PBXGroup;
			children = (
				6502D6A72A595315000F96E0 /* AppDelegate.swift */,
			);
			path = App;
			sourceTree = "<group>";
		};
		6502D6DC2A595377000F96E0 /* Modules */ = {
			isa = PBXGroup;
			children = (
				6502D6E72A5968E4000F96E0 /* NavigationModule */,
				6502D6E02A595A3E000F96E0 /* TrackerModule */,
				6502D6E62A595ADA000F96E0 /* ProfileModule */,
				65551C7A2AC61DF800CE3309 /* SettingsModule */,
			);
			path = Modules;
			sourceTree = "<group>";
		};
		6502D6DD2A595384000F96E0 /* Recourses */ = {
			isa = PBXGroup;
			children = (
				6502D6B82A595316000F96E0 /* Info.plist */,
				6502D6B32A595316000F96E0 /* Assets.xcassets */,
			);
			path = Recourses;
			sourceTree = "<group>";
		};
		6502D6DE2A595731000F96E0 /* Models */ = {
			isa = PBXGroup;
			children = (
				65FF25F02AFB70320008F492 /* ColorSet */,
				65EDA5832AEA9437007B6AE5 /* Exercises */,
			);
			path = Models;
			sourceTree = "<group>";
		};
		6502D6DF2A595738000F96E0 /* Services */ = {
			isa = PBXGroup;
			children = (
				65551C782AC60F5A00CE3309 /* UserDefaultsManager.swift */,
				650DD1E92AFDB7C8009AAD2D /* TraitCollectionManager.swift */,
				6521308D2AC587210056DEA5 /* Aimator.swift */,
				65551C762AC5D8CF00CE3309 /* Shaper.swift */,
			);
			path = Services;
			sourceTree = "<group>";
		};
		6502D6E02A595A3E000F96E0 /* TrackerModule */ = {
			isa = PBXGroup;
			children = (
				65657FBC2AD5D46C0081F5D7 /* TrackerViewController */,
				6584A5B92ADBC8B7003C97CF /* MainBar */,
				657D66262AA86D7000397427 /* AlertController.swift */,
			);
			path = TrackerModule;
			sourceTree = "<group>";
		};
		6502D6E62A595ADA000F96E0 /* ProfileModule */ = {
			isa = PBXGroup;
			children = (
				65657FBD2AD5D4EA0081F5D7 /* ProfileViewController */,
			);
			path = ProfileModule;
			sourceTree = "<group>";
		};
		6502D6E72A5968E4000F96E0 /* NavigationModule */ = {
			isa = PBXGroup;
			children = (
				65657FBB2AD5D4450081F5D7 /* NavigationViewController */,
				6502D6EF2A5C9A1F000F96E0 /* TabBar.swift */,
				6521308B2AC46F400056DEA5 /* GreetingView.swift */,
			);
			path = NavigationModule;
			sourceTree = "<group>";
		};
		6502D6EA2A59A4EB000F96E0 /* Extansions */ = {
			isa = PBXGroup;
			children = (
				6502D6EB2A59A517000F96E0 /* UIColor + Extansions.swift */,
				65EC20762AEEBD3800410905 /* CGFloat + Extansions.swift */,
			);
			path = Extansions;
			sourceTree = "<group>";
		};
		653A880F2ADBC598007EDD97 /* MeasuringView */ = {
			isa = PBXGroup;
			children = (
				65C8CF0F2AD2241A00BDC35D /* MeasuringSettingsViewCell.swift */,
				65657FB92AD415920081F5D7 /* MeasuringButtonView.swift */,
			);
			path = MeasuringView;
			sourceTree = "<group>";
		};
		653A88122ADBC65C007EDD97 /* NotificationsView */ = {
			isa = PBXGroup;
			children = (
				65657FBF2AD5D5B60081F5D7 /* NotificationsSettingsViewCell.swift */,
				653A88102ADBC629007EDD97 /* NotificationButtonView.swift */,
			);
			path = NotificationsView;
			sourceTree = "<group>";
		};
		65551C7A2AC61DF800CE3309 /* SettingsModule */ = {
			isa = PBXGroup;
			children = (
				65657FBE2AD5D51F0081F5D7 /* SettingsViewController */,
				653A880F2ADBC598007EDD97 /* MeasuringView */,
				653A88122ADBC65C007EDD97 /* NotificationsView */,
				6584A5B22ADBC716003C97CF /* IntegrationsView */,
				6584A5B52ADBC7A6003C97CF /* ColorThemesView */,
				6584A5B82ADBC853003C97CF /* LinksView */,
			);
			path = SettingsModule;
			sourceTree = "<group>";
		};
		65657FBB2AD5D4450081F5D7 /* NavigationViewController */ = {
			isa = PBXGroup;
			children = (
				65E060332AC0E62800AD5DD6 /* NavigationVC.swift */,
			);
			path = NavigationViewController;
			sourceTree = "<group>";
		};
		65657FBC2AD5D46C0081F5D7 /* TrackerViewController */ = {
			isa = PBXGroup;
			children = (
				6502D6AB2A595315000F96E0 /* MainVC.swift */,
			);
			path = TrackerViewController;
			sourceTree = "<group>";
		};
		65657FBD2AD5D4EA0081F5D7 /* ProfileViewController */ = {
			isa = PBXGroup;
			children = (
				6502D6E42A595AC6000F96E0 /* ProfileVC.swift */,
			);
			path = ProfileViewController;
			sourceTree = "<group>";
		};
		65657FBE2AD5D51F0081F5D7 /* SettingsViewController */ = {
			isa = PBXGroup;
			children = (
				65551C7B2AC61E4100CE3309 /* SettingsVC.swift */,
				65C82A042AEAC3220022C69B /* SettingsBaseViewCell.swift */,
				65EC20782AEF008500410905 /* SettingsBaseButton.swift */,
			);
			path = SettingsViewController;
			sourceTree = "<group>";
		};
		6584A5B22ADBC716003C97CF /* IntegrationsView */ = {
			isa = PBXGroup;
			children = (
				6589BFDE2ADAC27700DE4E97 /* IntegrationsViewCell.swift */,
				6584A5B02ADBC710003C97CF /* IntegrationsButtonView.swift */,
			);
			path = IntegrationsView;
			sourceTree = "<group>";
		};
		6584A5B52ADBC7A6003C97CF /* ColorThemesView */ = {
			isa = PBXGroup;
			children = (
				6589BFDC2AD942EC00DE4E97 /* ColorThemesViewCell.swift */,
				6584A5B32ADBC77E003C97CF /* ColorThemesButtonView.swift */,
			);
			path = ColorThemesView;
			sourceTree = "<group>";
		};
		6584A5B82ADBC853003C97CF /* LinksView */ = {
			isa = PBXGroup;
			children = (
				6589BFE02ADAEBB500DE4E97 /* LinksViewCell.swift */,
				6584A5B62ADBC81E003C97CF /* LinksButtton.swift */,
			);
			path = LinksView;
			sourceTree = "<group>";
		};
		6584A5B92ADBC8B7003C97CF /* MainBar */ = {
			isa = PBXGroup;
			children = (
				658F7A4D2AF46AA300FF087F /* MainBarHeaderView */,
				65C517002AF01F0400095AFE /* MainBarBodyView */,
			);
			path = MainBar;
			sourceTree = "<group>";
		};
		658F7A4D2AF46AA300FF087F /* MainBarHeaderView */ = {
			isa = PBXGroup;
			children = (
				654893982AAE8099005039DF /* MainBarHeader.swift */,
				659879212AB48BBD004F6E2D /* MainBarHeadButton.swift */,
				65EDA57F2AEA3E0B007B6AE5 /* MainBarHeadPicker.swift */,
				65D473702AC2E2A700551E66 /* MainBarHeadGPS.swift */,
			);
			path = MainBarHeaderView;
			sourceTree = "<group>";
		};
		658F7A4F2AF4742800FF087F /* MainBarCalculator */ = {
			isa = PBXGroup;
			children = (
				65C517052AF0217B00095AFE /* MainBarDistancePaceView.swift */,
				65FF25DF2AF988C10008F492 /* MainBarSpeedPaceView.swift */,
				65FF25E12AF988E40008F492 /* MainBarHeartZonesView.swift */,
			);
			path = MainBarCalculator;
			sourceTree = "<group>";
		};
		658F7A502AF4743600FF087F /* MainBarSound */ = {
			isa = PBXGroup;
			children = (
				659008152AF1D58F008C208D /* MainBarAppleMusicView.swift */,
				65FF25E32AF989830008F492 /* MainBarMetronomeView.swift */,
			);
			path = MainBarSound;
			sourceTree = "<group>";
		};
		658F7A512AF4744100FF087F /* MainBarThemes */ = {
			isa = PBXGroup;
			children = (
				65FF25E52AF98A5B0008F492 /* MainBarStoriesView.swift */,
				65FF25E72AF98A7D0008F492 /* MainBarWidgetsView.swift */,
				65FF25E92AFA3DCB0008F492 /* MainBarColorThemesView */,
			);
			path = MainBarThemes;
			sourceTree = "<group>";
		};
		65C517002AF01F0400095AFE /* MainBarBodyView */ = {
			isa = PBXGroup;
			children = (
				65663C722AF5025200241E3E /* MainBarBodyBase.swift */,
				65FF25DD2AF8BD9F0008F492 /* MainBarBodyButton.swift */,
				658F7A4F2AF4742800FF087F /* MainBarCalculator */,
				658F7A502AF4743600FF087F /* MainBarSound */,
				658F7A512AF4744100FF087F /* MainBarThemes */,
			);
			path = MainBarBodyView;
			sourceTree = "<group>";
		};
		65EDA5832AEA9437007B6AE5 /* Exercises */ = {
			isa = PBXGroup;
			children = (
				65EDA58C2AEA951D007B6AE5 /* ExerciseProtocol.swift */,
				65EDA5862AEA948D007B6AE5 /* InTheRoomExercises.swift */,
				65EDA58E2AEA952E007B6AE5 /* OnTheStreetExercises.swift */,
				65EDA58A2AEA950F007B6AE5 /* FactoryExercises.swift */,
			);
			path = Exercises;
			sourceTree = "<group>";
		};
		65FF25E92AFA3DCB0008F492 /* MainBarColorThemesView */ = {
			isa = PBXGroup;
			children = (
				659008172AF1D5C1008C208D /* MainBarColorThemesView.swift */,
				657AEA012B00113B001129DD /* MainBarColorThemesCollectionCell.swift */,
			);
			path = MainBarColorThemesView;
			sourceTree = "<group>";
		};
		65FF25F02AFB70320008F492 /* ColorSet */ = {
			isa = PBXGroup;
			children = (
				65FF25F12AFB70440008F492 /* ColorSetProtocol.swift */,
				65FF25F32AFB718D0008F492 /* ColorSetCollection.swift */,
				65FF25EE2AFAE39F0008F492 /* ColorSetUpdateProtocol.swift */,
				65FF25F52AFB78190008F492 /* FactoryColorSet.swift */,
			);
			path = ColorSet;
			sourceTree = "<group>";
		};
/* End PBXGroup section */

/* Begin PBXNativeTarget section */
		6502D6A32A595315000F96E0 /* OneDot */ = {
			isa = PBXNativeTarget;
			buildConfigurationList = 6502D6D12A595316000F96E0 /* Build configuration list for PBXNativeTarget "OneDot" */;
			buildPhases = (
				6502D6A02A595315000F96E0 /* Sources */,
				6502D6A12A595315000F96E0 /* Frameworks */,
				6502D6A22A595315000F96E0 /* Resources */,
			);
			buildRules = (
			);
			dependencies = (
			);
			name = OneDot;
			productName = OneDot;
			productReference = 6502D6A42A595315000F96E0 /* OneDot.app */;
			productType = "com.apple.product-type.application";
		};
		6502D6BC2A595316000F96E0 /* OneDotTests */ = {
			isa = PBXNativeTarget;
			buildConfigurationList = 6502D6D42A595316000F96E0 /* Build configuration list for PBXNativeTarget "OneDotTests" */;
			buildPhases = (
				6502D6B92A595316000F96E0 /* Sources */,
				6502D6BA2A595316000F96E0 /* Frameworks */,
				6502D6BB2A595316000F96E0 /* Resources */,
			);
			buildRules = (
			);
			dependencies = (
				6502D6BF2A595316000F96E0 /* PBXTargetDependency */,
			);
			name = OneDotTests;
			productName = OneDotTests;
			productReference = 6502D6BD2A595316000F96E0 /* OneDotTests.xctest */;
			productType = "com.apple.product-type.bundle.unit-test";
		};
		6502D6C62A595316000F96E0 /* OneDotUITests */ = {
			isa = PBXNativeTarget;
			buildConfigurationList = 6502D6D72A595316000F96E0 /* Build configuration list for PBXNativeTarget "OneDotUITests" */;
			buildPhases = (
				6502D6C32A595316000F96E0 /* Sources */,
				6502D6C42A595316000F96E0 /* Frameworks */,
				6502D6C52A595316000F96E0 /* Resources */,
			);
			buildRules = (
			);
			dependencies = (
				6502D6C92A595316000F96E0 /* PBXTargetDependency */,
			);
			name = OneDotUITests;
			productName = OneDotUITests;
			productReference = 6502D6C72A595316000F96E0 /* OneDotUITests.xctest */;
			productType = "com.apple.product-type.bundle.ui-testing";
		};
/* End PBXNativeTarget section */

/* Begin PBXProject section */
		6502D69C2A595315000F96E0 /* Project object */ = {
			isa = PBXProject;
			attributes = {
				BuildIndependentTargetsInParallel = 1;
				LastSwiftUpdateCheck = 1500;
				LastUpgradeCheck = 1500;
				TargetAttributes = {
					6502D6A32A595315000F96E0 = {
						CreatedOnToolsVersion = 15.0;
					};
					6502D6BC2A595316000F96E0 = {
						CreatedOnToolsVersion = 15.0;
						TestTargetID = 6502D6A32A595315000F96E0;
					};
					6502D6C62A595316000F96E0 = {
						CreatedOnToolsVersion = 15.0;
						TestTargetID = 6502D6A32A595315000F96E0;
					};
				};
			};
			buildConfigurationList = 6502D69F2A595315000F96E0 /* Build configuration list for PBXProject "OneDot" */;
			compatibilityVersion = "Xcode 14.0";
			developmentRegion = en;
			hasScannedForEncodings = 0;
			knownRegions = (
				en,
				Base,
			);
			mainGroup = 6502D69B2A595315000F96E0;
			productRefGroup = 6502D6A52A595315000F96E0 /* Products */;
			projectDirPath = "";
			projectRoot = "";
			targets = (
				6502D6A32A595315000F96E0 /* OneDot */,
				6502D6BC2A595316000F96E0 /* OneDotTests */,
				6502D6C62A595316000F96E0 /* OneDotUITests */,
			);
		};
/* End PBXProject section */

/* Begin PBXResourcesBuildPhase section */
		6502D6A22A595315000F96E0 /* Resources */ = {
			isa = PBXResourcesBuildPhase;
			buildActionMask = 2147483647;
			files = (
				6502D6B42A595316000F96E0 /* Assets.xcassets in Resources */,
				657D66252AA8693400397427 /* gitignore in Resources */,
			);
			runOnlyForDeploymentPostprocessing = 0;
		};
		6502D6BB2A595316000F96E0 /* Resources */ = {
			isa = PBXResourcesBuildPhase;
			buildActionMask = 2147483647;
			files = (
			);
			runOnlyForDeploymentPostprocessing = 0;
		};
		6502D6C52A595316000F96E0 /* Resources */ = {
			isa = PBXResourcesBuildPhase;
			buildActionMask = 2147483647;
			files = (
			);
			runOnlyForDeploymentPostprocessing = 0;
		};
/* End PBXResourcesBuildPhase section */

/* Begin PBXSourcesBuildPhase section */
		6502D6A02A595315000F96E0 /* Sources */ = {
			isa = PBXSourcesBuildPhase;
			buildActionMask = 2147483647;
			files = (
				650DD1EA2AFDB7C8009AAD2D /* TraitCollectionManager.swift in Sources */,
				6589BFDF2ADAC27700DE4E97 /* IntegrationsViewCell.swift in Sources */,
				659008162AF1D58F008C208D /* MainBarAppleMusicView.swift in Sources */,
				65EDA5802AEA3E0B007B6AE5 /* MainBarHeadPicker.swift in Sources */,
				65FF25F62AFB78190008F492 /* FactoryColorSet.swift in Sources */,
				6584A5B42ADBC77E003C97CF /* ColorThemesButtonView.swift in Sources */,
				65FF25F22AFB70440008F492 /* ColorSetProtocol.swift in Sources */,
				659008182AF1D5C1008C208D /* MainBarColorThemesView.swift in Sources */,
				653A88112ADBC629007EDD97 /* NotificationButtonView.swift in Sources */,
				65FF25E62AF98A5B0008F492 /* MainBarStoriesView.swift in Sources */,
				6584A5B72ADBC81E003C97CF /* LinksButtton.swift in Sources */,
				6521308E2AC587210056DEA5 /* Aimator.swift in Sources */,
				65C8CF102AD2241A00BDC35D /* MeasuringSettingsViewCell.swift in Sources */,
				65657FBA2AD415920081F5D7 /* MeasuringButtonView.swift in Sources */,
				654893992AAE8099005039DF /* MainBarHeader.swift in Sources */,
				6589BFE12ADAEBB500DE4E97 /* LinksViewCell.swift in Sources */,
				65FF25E02AF988C10008F492 /* MainBarSpeedPaceView.swift in Sources */,
				65663C732AF5025200241E3E /* MainBarBodyBase.swift in Sources */,
				6584A5B12ADBC710003C97CF /* IntegrationsButtonView.swift in Sources */,
				65EDA58F2AEA952E007B6AE5 /* OnTheStreetExercises.swift in Sources */,
				65C82A052AEAC3220022C69B /* SettingsBaseViewCell.swift in Sources */,
				65EC20772AEEBD3800410905 /* CGFloat + Extansions.swift in Sources */,
				65551C772AC5D8CF00CE3309 /* Shaper.swift in Sources */,
				65FF25EF2AFAE39F0008F492 /* ColorSetUpdateProtocol.swift in Sources */,
				6502D6B22A595315000F96E0 /* OneDot.xcdatamodeld in Sources */,
				65FF25E42AF989830008F492 /* MainBarMetronomeView.swift in Sources */,
				6502D6EC2A59A517000F96E0 /* UIColor + Extansions.swift in Sources */,
				65FF25F42AFB718D0008F492 /* ColorSetCollection.swift in Sources */,
				65C517062AF0217B00095AFE /* MainBarDistancePaceView.swift in Sources */,
				6502D6E52A595AC6000F96E0 /* ProfileVC.swift in Sources */,
				65D473712AC2E2A700551E66 /* MainBarHeadGPS.swift in Sources */,
				65EC20792AEF008500410905 /* SettingsBaseButton.swift in Sources */,
				65FF25E82AF98A7D0008F492 /* MainBarWidgetsView.swift in Sources */,
				65EDA5872AEA948D007B6AE5 /* InTheRoomExercises.swift in Sources */,
				657AEA022B00113B001129DD /* MainBarColorThemesCollectionCell.swift in Sources */,
				6589BFDD2AD942EC00DE4E97 /* ColorThemesViewCell.swift in Sources */,
				65551C7C2AC61E4100CE3309 /* SettingsVC.swift in Sources */,
				6502D6F02A5C9A1F000F96E0 /* TabBar.swift in Sources */,
				6521308C2AC46F400056DEA5 /* GreetingView.swift in Sources */,
				65E060342AC0E62800AD5DD6 /* NavigationVC.swift in Sources */,
				657D66272AA86D7000397427 /* AlertController.swift in Sources */,
				65FF25E22AF988E40008F492 /* MainBarHeartZonesView.swift in Sources */,
				65EDA58B2AEA950F007B6AE5 /* FactoryExercises.swift in Sources */,
				65551C792AC60F5A00CE3309 /* UserDefaultsManager.swift in Sources */,
				65657FC02AD5D5B60081F5D7 /* NotificationsSettingsViewCell.swift in Sources */,
				65FF25DE2AF8BD9F0008F492 /* MainBarBodyButton.swift in Sources */,
				659879222AB48BBD004F6E2D /* MainBarHeadButton.swift in Sources */,
				65EDA58D2AEA951D007B6AE5 /* ExerciseProtocol.swift in Sources */,
				6502D6AC2A595315000F96E0 /* MainVC.swift in Sources */,
				6502D6A82A595315000F96E0 /* AppDelegate.swift in Sources */,
			);
			runOnlyForDeploymentPostprocessing = 0;
		};
		6502D6B92A595316000F96E0 /* Sources */ = {
			isa = PBXSourcesBuildPhase;
			buildActionMask = 2147483647;
			files = (
				6502D6C22A595316000F96E0 /* OneDotTests.swift in Sources */,
			);
			runOnlyForDeploymentPostprocessing = 0;
		};
		6502D6C32A595316000F96E0 /* Sources */ = {
			isa = PBXSourcesBuildPhase;
			buildActionMask = 2147483647;
			files = (
				6502D6CC2A595316000F96E0 /* OneDotUITests.swift in Sources */,
				6502D6CE2A595316000F96E0 /* OneDotUITestsLaunchTests.swift in Sources */,
			);
			runOnlyForDeploymentPostprocessing = 0;
		};
/* End PBXSourcesBuildPhase section */

/* Begin PBXTargetDependency section */
		6502D6BF2A595316000F96E0 /* PBXTargetDependency */ = {
			isa = PBXTargetDependency;
			target = 6502D6A32A595315000F96E0 /* OneDot */;
			targetProxy = 6502D6BE2A595316000F96E0 /* PBXContainerItemProxy */;
		};
		6502D6C92A595316000F96E0 /* PBXTargetDependency */ = {
			isa = PBXTargetDependency;
			target = 6502D6A32A595315000F96E0 /* OneDot */;
			targetProxy = 6502D6C82A595316000F96E0 /* PBXContainerItemProxy */;
		};
/* End PBXTargetDependency section */

/* Begin XCBuildConfiguration section */
		6502D6CF2A595316000F96E0 /* Debug */ = {
			isa = XCBuildConfiguration;
			buildSettings = {
				ALWAYS_SEARCH_USER_PATHS = NO;
				ASSETCATALOG_COMPILER_GENERATE_SWIFT_ASSET_SYMBOL_EXTENSIONS = YES;
				CLANG_ANALYZER_NONNULL = YES;
				CLANG_ANALYZER_NUMBER_OBJECT_CONVERSION = YES_AGGRESSIVE;
				CLANG_CXX_LANGUAGE_STANDARD = "gnu++20";
				CLANG_ENABLE_MODULES = YES;
				CLANG_ENABLE_OBJC_ARC = YES;
				CLANG_ENABLE_OBJC_WEAK = YES;
				CLANG_WARN_BLOCK_CAPTURE_AUTORELEASING = YES;
				CLANG_WARN_BOOL_CONVERSION = YES;
				CLANG_WARN_COMMA = YES;
				CLANG_WARN_CONSTANT_CONVERSION = YES;
				CLANG_WARN_DEPRECATED_OBJC_IMPLEMENTATIONS = YES;
				CLANG_WARN_DIRECT_OBJC_ISA_USAGE = YES_ERROR;
				CLANG_WARN_DOCUMENTATION_COMMENTS = YES;
				CLANG_WARN_EMPTY_BODY = YES;
				CLANG_WARN_ENUM_CONVERSION = YES;
				CLANG_WARN_INFINITE_RECURSION = YES;
				CLANG_WARN_INT_CONVERSION = YES;
				CLANG_WARN_NON_LITERAL_NULL_CONVERSION = YES;
				CLANG_WARN_OBJC_IMPLICIT_RETAIN_SELF = YES;
				CLANG_WARN_OBJC_LITERAL_CONVERSION = YES;
				CLANG_WARN_OBJC_ROOT_CLASS = YES_ERROR;
				CLANG_WARN_QUOTED_INCLUDE_IN_FRAMEWORK_HEADER = YES;
				CLANG_WARN_RANGE_LOOP_ANALYSIS = YES;
				CLANG_WARN_STRICT_PROTOTYPES = YES;
				CLANG_WARN_SUSPICIOUS_MOVE = YES;
				CLANG_WARN_UNGUARDED_AVAILABILITY = YES_AGGRESSIVE;
				CLANG_WARN_UNREACHABLE_CODE = YES;
				CLANG_WARN__DUPLICATE_METHOD_MATCH = YES;
				COPY_PHASE_STRIP = NO;
				DEBUG_INFORMATION_FORMAT = dwarf;
				ENABLE_STRICT_OBJC_MSGSEND = YES;
				ENABLE_TESTABILITY = YES;
				ENABLE_USER_SCRIPT_SANDBOXING = YES;
				GCC_C_LANGUAGE_STANDARD = gnu17;
				GCC_DYNAMIC_NO_PIC = NO;
				GCC_NO_COMMON_BLOCKS = YES;
				GCC_OPTIMIZATION_LEVEL = 0;
				GCC_PREPROCESSOR_DEFINITIONS = (
					"DEBUG=1",
					"$(inherited)",
				);
				GCC_WARN_64_TO_32_BIT_CONVERSION = YES;
				GCC_WARN_ABOUT_RETURN_TYPE = YES_ERROR;
				GCC_WARN_UNDECLARED_SELECTOR = YES;
				GCC_WARN_UNINITIALIZED_AUTOS = YES_AGGRESSIVE;
				GCC_WARN_UNUSED_FUNCTION = YES;
				GCC_WARN_UNUSED_VARIABLE = YES;
				IPHONEOS_DEPLOYMENT_TARGET = 17.0;
				LOCALIZATION_PREFERS_STRING_CATALOGS = YES;
				MTL_ENABLE_DEBUG_INFO = INCLUDE_SOURCE;
				MTL_FAST_MATH = YES;
				ONLY_ACTIVE_ARCH = YES;
				SDKROOT = iphoneos;
				SWIFT_ACTIVE_COMPILATION_CONDITIONS = "DEBUG $(inherited)";
				SWIFT_OPTIMIZATION_LEVEL = "-Onone";
			};
			name = Debug;
		};
		6502D6D02A595316000F96E0 /* Release */ = {
			isa = XCBuildConfiguration;
			buildSettings = {
				ALWAYS_SEARCH_USER_PATHS = NO;
				ASSETCATALOG_COMPILER_GENERATE_SWIFT_ASSET_SYMBOL_EXTENSIONS = YES;
				CLANG_ANALYZER_NONNULL = YES;
				CLANG_ANALYZER_NUMBER_OBJECT_CONVERSION = YES_AGGRESSIVE;
				CLANG_CXX_LANGUAGE_STANDARD = "gnu++20";
				CLANG_ENABLE_MODULES = YES;
				CLANG_ENABLE_OBJC_ARC = YES;
				CLANG_ENABLE_OBJC_WEAK = YES;
				CLANG_WARN_BLOCK_CAPTURE_AUTORELEASING = YES;
				CLANG_WARN_BOOL_CONVERSION = YES;
				CLANG_WARN_COMMA = YES;
				CLANG_WARN_CONSTANT_CONVERSION = YES;
				CLANG_WARN_DEPRECATED_OBJC_IMPLEMENTATIONS = YES;
				CLANG_WARN_DIRECT_OBJC_ISA_USAGE = YES_ERROR;
				CLANG_WARN_DOCUMENTATION_COMMENTS = YES;
				CLANG_WARN_EMPTY_BODY = YES;
				CLANG_WARN_ENUM_CONVERSION = YES;
				CLANG_WARN_INFINITE_RECURSION = YES;
				CLANG_WARN_INT_CONVERSION = YES;
				CLANG_WARN_NON_LITERAL_NULL_CONVERSION = YES;
				CLANG_WARN_OBJC_IMPLICIT_RETAIN_SELF = YES;
				CLANG_WARN_OBJC_LITERAL_CONVERSION = YES;
				CLANG_WARN_OBJC_ROOT_CLASS = YES_ERROR;
				CLANG_WARN_QUOTED_INCLUDE_IN_FRAMEWORK_HEADER = YES;
				CLANG_WARN_RANGE_LOOP_ANALYSIS = YES;
				CLANG_WARN_STRICT_PROTOTYPES = YES;
				CLANG_WARN_SUSPICIOUS_MOVE = YES;
				CLANG_WARN_UNGUARDED_AVAILABILITY = YES_AGGRESSIVE;
				CLANG_WARN_UNREACHABLE_CODE = YES;
				CLANG_WARN__DUPLICATE_METHOD_MATCH = YES;
				COPY_PHASE_STRIP = NO;
				DEBUG_INFORMATION_FORMAT = "dwarf-with-dsym";
				ENABLE_NS_ASSERTIONS = NO;
				ENABLE_STRICT_OBJC_MSGSEND = YES;
				ENABLE_USER_SCRIPT_SANDBOXING = YES;
				GCC_C_LANGUAGE_STANDARD = gnu17;
				GCC_NO_COMMON_BLOCKS = YES;
				GCC_WARN_64_TO_32_BIT_CONVERSION = YES;
				GCC_WARN_ABOUT_RETURN_TYPE = YES_ERROR;
				GCC_WARN_UNDECLARED_SELECTOR = YES;
				GCC_WARN_UNINITIALIZED_AUTOS = YES_AGGRESSIVE;
				GCC_WARN_UNUSED_FUNCTION = YES;
				GCC_WARN_UNUSED_VARIABLE = YES;
				IPHONEOS_DEPLOYMENT_TARGET = 17.0;
				LOCALIZATION_PREFERS_STRING_CATALOGS = YES;
				MTL_ENABLE_DEBUG_INFO = NO;
				MTL_FAST_MATH = YES;
				SDKROOT = iphoneos;
				SWIFT_COMPILATION_MODE = wholemodule;
				VALIDATE_PRODUCT = YES;
			};
			name = Release;
		};
		6502D6D22A595316000F96E0 /* Debug */ = {
			isa = XCBuildConfiguration;
			buildSettings = {
				ASSETCATALOG_COMPILER_APPICON_NAME = AppIcon;
				ASSETCATALOG_COMPILER_GLOBAL_ACCENT_COLOR_NAME = AccentColor;
				ASSETCATALOG_COMPILER_INCLUDE_ALL_APPICON_ASSETS = YES;
				CODE_SIGN_STYLE = Automatic;
				CURRENT_PROJECT_VERSION = 1;
				DEVELOPMENT_TEAM = XSJLPH4XDX;
				GENERATE_INFOPLIST_FILE = YES;
				INFOPLIST_FILE = OneDot/Recourses/Info.plist;
				INFOPLIST_KEY_UIApplicationSupportsIndirectInputEvents = YES;
				INFOPLIST_KEY_UISupportedInterfaceOrientations = UIInterfaceOrientationPortrait;
				INFOPLIST_KEY_UISupportedInterfaceOrientations_iPad = "UIInterfaceOrientationLandscapeLeft UIInterfaceOrientationLandscapeRight UIInterfaceOrientationPortrait UIInterfaceOrientationPortraitUpsideDown";
				LD_RUNPATH_SEARCH_PATHS = (
					"$(inherited)",
					"@executable_path/Frameworks",
				);
				MARKETING_VERSION = 1.0;
				PRODUCT_BUNDLE_IDENTIFIER = korobitsynDev.OneDot;
				PRODUCT_NAME = "$(TARGET_NAME)";
				SWIFT_EMIT_LOC_STRINGS = YES;
				SWIFT_VERSION = 5.0;
				TARGETED_DEVICE_FAMILY = "1,2";
			};
			name = Debug;
		};
		6502D6D32A595316000F96E0 /* Release */ = {
			isa = XCBuildConfiguration;
			buildSettings = {
				ASSETCATALOG_COMPILER_APPICON_NAME = AppIcon;
				ASSETCATALOG_COMPILER_GLOBAL_ACCENT_COLOR_NAME = AccentColor;
				ASSETCATALOG_COMPILER_INCLUDE_ALL_APPICON_ASSETS = YES;
				CODE_SIGN_STYLE = Automatic;
				CURRENT_PROJECT_VERSION = 1;
				DEVELOPMENT_TEAM = XSJLPH4XDX;
				GENERATE_INFOPLIST_FILE = YES;
				INFOPLIST_FILE = OneDot/Recourses/Info.plist;
				INFOPLIST_KEY_UIApplicationSupportsIndirectInputEvents = YES;
				INFOPLIST_KEY_UISupportedInterfaceOrientations = UIInterfaceOrientationPortrait;
				INFOPLIST_KEY_UISupportedInterfaceOrientations_iPad = "UIInterfaceOrientationLandscapeLeft UIInterfaceOrientationLandscapeRight UIInterfaceOrientationPortrait UIInterfaceOrientationPortraitUpsideDown";
				LD_RUNPATH_SEARCH_PATHS = (
					"$(inherited)",
					"@executable_path/Frameworks",
				);
				MARKETING_VERSION = 1.0;
				PRODUCT_BUNDLE_IDENTIFIER = korobitsynDev.OneDot;
				PRODUCT_NAME = "$(TARGET_NAME)";
				SWIFT_EMIT_LOC_STRINGS = YES;
				SWIFT_VERSION = 5.0;
				TARGETED_DEVICE_FAMILY = "1,2";
			};
			name = Release;
		};
		6502D6D52A595316000F96E0 /* Debug */ = {
			isa = XCBuildConfiguration;
			buildSettings = {
				ALWAYS_EMBED_SWIFT_STANDARD_LIBRARIES = YES;
				BUNDLE_LOADER = "$(TEST_HOST)";
				CODE_SIGN_STYLE = Automatic;
				CURRENT_PROJECT_VERSION = 1;
				DEVELOPMENT_TEAM = XSJLPH4XDX;
				GENERATE_INFOPLIST_FILE = YES;
				IPHONEOS_DEPLOYMENT_TARGET = 17.0;
				MARKETING_VERSION = 1.0;
				PRODUCT_BUNDLE_IDENTIFIER = korobitsynDev.OneDotTests;
				PRODUCT_NAME = "$(TARGET_NAME)";
				SWIFT_EMIT_LOC_STRINGS = NO;
				SWIFT_VERSION = 5.0;
				TARGETED_DEVICE_FAMILY = "1,2";
				TEST_HOST = "$(BUILT_PRODUCTS_DIR)/OneDot.app/$(BUNDLE_EXECUTABLE_FOLDER_PATH)/OneDot";
			};
			name = Debug;
		};
		6502D6D62A595316000F96E0 /* Release */ = {
			isa = XCBuildConfiguration;
			buildSettings = {
				ALWAYS_EMBED_SWIFT_STANDARD_LIBRARIES = YES;
				BUNDLE_LOADER = "$(TEST_HOST)";
				CODE_SIGN_STYLE = Automatic;
				CURRENT_PROJECT_VERSION = 1;
				DEVELOPMENT_TEAM = XSJLPH4XDX;
				GENERATE_INFOPLIST_FILE = YES;
				IPHONEOS_DEPLOYMENT_TARGET = 17.0;
				MARKETING_VERSION = 1.0;
				PRODUCT_BUNDLE_IDENTIFIER = korobitsynDev.OneDotTests;
				PRODUCT_NAME = "$(TARGET_NAME)";
				SWIFT_EMIT_LOC_STRINGS = NO;
				SWIFT_VERSION = 5.0;
				TARGETED_DEVICE_FAMILY = "1,2";
				TEST_HOST = "$(BUILT_PRODUCTS_DIR)/OneDot.app/$(BUNDLE_EXECUTABLE_FOLDER_PATH)/OneDot";
			};
			name = Release;
		};
		6502D6D82A595316000F96E0 /* Debug */ = {
			isa = XCBuildConfiguration;
			buildSettings = {
				ALWAYS_EMBED_SWIFT_STANDARD_LIBRARIES = YES;
				CODE_SIGN_STYLE = Automatic;
				CURRENT_PROJECT_VERSION = 1;
				DEVELOPMENT_TEAM = XSJLPH4XDX;
				GENERATE_INFOPLIST_FILE = YES;
				MARKETING_VERSION = 1.0;
				PRODUCT_BUNDLE_IDENTIFIER = korobitsynDev.OneDotUITests;
				PRODUCT_NAME = "$(TARGET_NAME)";
				SWIFT_EMIT_LOC_STRINGS = NO;
				SWIFT_VERSION = 5.0;
				TARGETED_DEVICE_FAMILY = "1,2";
				TEST_TARGET_NAME = OneDot;
			};
			name = Debug;
		};
		6502D6D92A595316000F96E0 /* Release */ = {
			isa = XCBuildConfiguration;
			buildSettings = {
				ALWAYS_EMBED_SWIFT_STANDARD_LIBRARIES = YES;
				CODE_SIGN_STYLE = Automatic;
				CURRENT_PROJECT_VERSION = 1;
				DEVELOPMENT_TEAM = XSJLPH4XDX;
				GENERATE_INFOPLIST_FILE = YES;
				MARKETING_VERSION = 1.0;
				PRODUCT_BUNDLE_IDENTIFIER = korobitsynDev.OneDotUITests;
				PRODUCT_NAME = "$(TARGET_NAME)";
				SWIFT_EMIT_LOC_STRINGS = NO;
				SWIFT_VERSION = 5.0;
				TARGETED_DEVICE_FAMILY = "1,2";
				TEST_TARGET_NAME = OneDot;
			};
			name = Release;
		};
/* End XCBuildConfiguration section */

/* Begin XCConfigurationList section */
		6502D69F2A595315000F96E0 /* Build configuration list for PBXProject "OneDot" */ = {
			isa = XCConfigurationList;
			buildConfigurations = (
				6502D6CF2A595316000F96E0 /* Debug */,
				6502D6D02A595316000F96E0 /* Release */,
			);
			defaultConfigurationIsVisible = 0;
			defaultConfigurationName = Release;
		};
		6502D6D12A595316000F96E0 /* Build configuration list for PBXNativeTarget "OneDot" */ = {
			isa = XCConfigurationList;
			buildConfigurations = (
				6502D6D22A595316000F96E0 /* Debug */,
				6502D6D32A595316000F96E0 /* Release */,
			);
			defaultConfigurationIsVisible = 0;
			defaultConfigurationName = Release;
		};
		6502D6D42A595316000F96E0 /* Build configuration list for PBXNativeTarget "OneDotTests" */ = {
			isa = XCConfigurationList;
			buildConfigurations = (
				6502D6D52A595316000F96E0 /* Debug */,
				6502D6D62A595316000F96E0 /* Release */,
			);
			defaultConfigurationIsVisible = 0;
			defaultConfigurationName = Release;
		};
		6502D6D72A595316000F96E0 /* Build configuration list for PBXNativeTarget "OneDotUITests" */ = {
			isa = XCConfigurationList;
			buildConfigurations = (
				6502D6D82A595316000F96E0 /* Debug */,
				6502D6D92A595316000F96E0 /* Release */,
			);
			defaultConfigurationIsVisible = 0;
			defaultConfigurationName = Release;
		};
/* End XCConfigurationList section */

/* Begin XCVersionGroup section */
		6502D6B02A595315000F96E0 /* OneDot.xcdatamodeld */ = {
			isa = XCVersionGroup;
			children = (
				6502D6B12A595315000F96E0 /* OneDot.xcdatamodel */,
			);
			currentVersion = 6502D6B12A595315000F96E0 /* OneDot.xcdatamodel */;
			path = OneDot.xcdatamodeld;
			sourceTree = "<group>";
			versionGroupType = wrapper.xcdatamodel;
		};
/* End XCVersionGroup section */
	};
	rootObject = 6502D69C2A595315000F96E0 /* Project object */;
}
