// !$*UTF8*$!
{
	archiveVersion = 1;
	classes = {
	};
	objectVersion = 56;
	objects = {

/* Begin PBXBuildFile section */
		6502D6A82A595315000F96E0 /* AppDelegate.swift in Sources */ = {isa = PBXBuildFile; fileRef = 6502D6A72A595315000F96E0 /* AppDelegate.swift */; };
		6502D6AC2A595315000F96E0 /* DashboardVC.swift in Sources */ = {isa = PBXBuildFile; fileRef = 6502D6AB2A595315000F96E0 /* DashboardVC.swift */; };
		6502D6B22A595315000F96E0 /* OneDot.xcdatamodeld in Sources */ = {isa = PBXBuildFile; fileRef = 6502D6B02A595315000F96E0 /* OneDot.xcdatamodeld */; };
		6502D6B42A595316000F96E0 /* Assets.xcassets in Resources */ = {isa = PBXBuildFile; fileRef = 6502D6B32A595316000F96E0 /* Assets.xcassets */; };
		6502D6C22A595316000F96E0 /* OneDotTests.swift in Sources */ = {isa = PBXBuildFile; fileRef = 6502D6C12A595316000F96E0 /* OneDotTests.swift */; };
		6502D6CC2A595316000F96E0 /* OneDotUITests.swift in Sources */ = {isa = PBXBuildFile; fileRef = 6502D6CB2A595316000F96E0 /* OneDotUITests.swift */; };
		6502D6CE2A595316000F96E0 /* OneDotUITestsLaunchTests.swift in Sources */ = {isa = PBXBuildFile; fileRef = 6502D6CD2A595316000F96E0 /* OneDotUITestsLaunchTests.swift */; };
		6502D6E52A595AC6000F96E0 /* WorkoutHistoryVC.swift in Sources */ = {isa = PBXBuildFile; fileRef = 6502D6E42A595AC6000F96E0 /* WorkoutHistoryVC.swift */; };
		6502D6EC2A59A517000F96E0 /* UIColor + Extansions.swift in Sources */ = {isa = PBXBuildFile; fileRef = 6502D6EB2A59A517000F96E0 /* UIColor + Extansions.swift */; };
		6502D6F02A5C9A1F000F96E0 /* WorkoutFooter.swift in Sources */ = {isa = PBXBuildFile; fileRef = 6502D6EF2A5C9A1F000F96E0 /* WorkoutFooter.swift */; };
		65055E212D0CF80500AC14C5 /* ScreenshotHelper.swift in Sources */ = {isa = PBXBuildFile; fileRef = 65055E202D0CF80500AC14C5 /* ScreenshotHelper.swift */; };
		65055E252D10470D00AC14C5 /* SelectedWorkoutHeader.swift in Sources */ = {isa = PBXBuildFile; fileRef = 65055E242D10470D00AC14C5 /* SelectedWorkoutHeader.swift */; };
		65055E292D10ABAE00AC14C5 /* CALayer + Extansions.swift in Sources */ = {isa = PBXBuildFile; fileRef = 65055E282D10ABAE00AC14C5 /* CALayer + Extansions.swift */; };
		651450732CF4A86C00610148 /* SettingsViewCell.swift in Sources */ = {isa = PBXBuildFile; fileRef = 651450722CF4A86C00610148 /* SettingsViewCell.swift */; };
		6521308C2AC46F400056DEA5 /* StartSplachScreen.swift in Sources */ = {isa = PBXBuildFile; fileRef = 6521308B2AC46F400056DEA5 /* StartSplachScreen.swift */; };
		6521308E2AC587210056DEA5 /* AnimationManager.swift in Sources */ = {isa = PBXBuildFile; fileRef = 6521308D2AC587210056DEA5 /* AnimationManager.swift */; };
		652AFE102D01208900548B2E /* AverageStatisticCell.swift in Sources */ = {isa = PBXBuildFile; fileRef = 652AFE0F2D01208900548B2E /* AverageStatisticCell.swift */; };
		652AFE122D01CE3D00548B2E /* WorkoutCell.swift in Sources */ = {isa = PBXBuildFile; fileRef = 652AFE112D01CE3D00548B2E /* WorkoutCell.swift */; };
		654893992AAE8099005039DF /* DashboardHeader.swift in Sources */ = {isa = PBXBuildFile; fileRef = 654893982AAE8099005039DF /* DashboardHeader.swift */; };
		65551C772AC5D8CF00CE3309 /* ShapeManager.swift in Sources */ = {isa = PBXBuildFile; fileRef = 65551C762AC5D8CF00CE3309 /* ShapeManager.swift */; };
		65551C792AC60F5A00CE3309 /* UserDefaultsManager.swift in Sources */ = {isa = PBXBuildFile; fileRef = 65551C782AC60F5A00CE3309 /* UserDefaultsManager.swift */; };
		655912962D073A57008C6E95 /* HealthKitData.swift in Sources */ = {isa = PBXBuildFile; fileRef = 655912952D073A57008C6E95 /* HealthKitData.swift */; };
		655912982D07562F008C6E95 /* HealthKitManager.swift in Sources */ = {isa = PBXBuildFile; fileRef = 655912972D07562F008C6E95 /* HealthKitManager.swift */; };
		655B53902B2139470020FF32 /* CoreDataManager.swift in Sources */ = {isa = PBXBuildFile; fileRef = 655B538F2B2139470020FF32 /* CoreDataManager.swift */; };
		656469632B502F25006AC14F /* СalculationsView.swift in Sources */ = {isa = PBXBuildFile; fileRef = 656469622B502F25006AC14F /* СalculationsView.swift */; };
		6568C8B42CE20E4200993E00 /* UIView + Extansions.swift in Sources */ = {isa = PBXBuildFile; fileRef = 6568C8B32CE20E4200993E00 /* UIView + Extansions.swift */; };
		65783ECD2D12C9A200B6E4C2 /* UILabel + Extansions.swift in Sources */ = {isa = PBXBuildFile; fileRef = 65783ECC2D12C9A200B6E4C2 /* UILabel + Extansions.swift */; };
		657D66252AA8693400397427 /* gitignore in Resources */ = {isa = PBXBuildFile; fileRef = 657D66242AA8693400397427 /* gitignore */; };
		657D66272AA86D7000397427 /* AlertController.swift in Sources */ = {isa = PBXBuildFile; fileRef = 657D66262AA86D7000397427 /* AlertController.swift */; };
		658FA7162D3AA63600F3BF15 /* AlertFooter.swift in Sources */ = {isa = PBXBuildFile; fileRef = 658FA7152D3AA63600F3BF15 /* AlertFooter.swift */; };
		6591F04F2D0A6A76006597FE /* MapKitManager.swift in Sources */ = {isa = PBXBuildFile; fileRef = 6591F04E2D0A6A76006597FE /* MapKitManager.swift */; };
		6591F0522D0B37BB006597FE /* CalculationFooter.swift in Sources */ = {isa = PBXBuildFile; fileRef = 6591F0512D0B37BB006597FE /* CalculationFooter.swift */; };
		659879222AB48BBD004F6E2D /* DashboardHeaderButton.swift in Sources */ = {isa = PBXBuildFile; fileRef = 659879212AB48BBD004F6E2D /* DashboardHeaderButton.swift */; };
		659991FF2CF0CF0600D27B44 /* SettingsView.swift in Sources */ = {isa = PBXBuildFile; fileRef = 659991FE2CF0CF0600D27B44 /* SettingsView.swift */; };
		65A10A2A2D3713FE0013E197 /* NotesTableViewEditCell.swift in Sources */ = {isa = PBXBuildFile; fileRef = 65A10A282D3713FE0013E197 /* NotesTableViewEditCell.swift */; };
		65A10A2B2D3713FE0013E197 /* NotesView.swift in Sources */ = {isa = PBXBuildFile; fileRef = 65A10A272D3713FE0013E197 /* NotesView.swift */; };
		65A10A2F2D377A7C0013E197 /* WorkoutHeader.swift in Sources */ = {isa = PBXBuildFile; fileRef = 65A10A2E2D377A7C0013E197 /* WorkoutHeader.swift */; };
		65A4247E2D349ED1009B0E9A /* WorkoutVC.swift in Sources */ = {isa = PBXBuildFile; fileRef = 65A4247D2D349ED1009B0E9A /* WorkoutVC.swift */; };
		65ADAEEC2D2B2C8800FAEC15 /* WorkoutFocusVC.swift in Sources */ = {isa = PBXBuildFile; fileRef = 65ADAEEB2D2B2C8800FAEC15 /* WorkoutFocusVC.swift */; };
		65ADAEEF2D2B398E00FAEC15 /* MapView.swift in Sources */ = {isa = PBXBuildFile; fileRef = 65ADAEEE2D2B398E00FAEC15 /* MapView.swift */; };
		65D082A52B5CADB4005D09A9 /* KORG - Clave.wav in Resources */ = {isa = PBXBuildFile; fileRef = 65D0827F2B5CADB2005D09A9 /* KORG - Clave.wav */; };
		65D082A62B5CADB4005D09A9 /* KORG - Bongo 01.wav in Resources */ = {isa = PBXBuildFile; fileRef = 65D082802B5CADB2005D09A9 /* KORG - Bongo 01.wav */; };
		65D082A72B5CADB4005D09A9 /* KAWAI - SnareDrum.wav in Resources */ = {isa = PBXBuildFile; fileRef = 65D082812B5CADB2005D09A9 /* KAWAI - SnareDrum.wav */; };
		65D082A82B5CADB4005D09A9 /* KORG - Stick.wav in Resources */ = {isa = PBXBuildFile; fileRef = 65D082822B5CADB2005D09A9 /* KORG - Stick.wav */; };
		65D082A92B5CADB4005D09A9 /* NOVATION - 808CongaMid.wav in Resources */ = {isa = PBXBuildFile; fileRef = 65D082832B5CADB2005D09A9 /* NOVATION - 808CongaMid.wav */; };
		65D082AA2B5CADB4005D09A9 /* KORG - Bongo 03.wav in Resources */ = {isa = PBXBuildFile; fileRef = 65D082842B5CADB2005D09A9 /* KORG - Bongo 03.wav */; };
		65D082AB2B5CADB4005D09A9 /* NOVATION - 808Rimshot.wav in Resources */ = {isa = PBXBuildFile; fileRef = 65D082852B5CADB2005D09A9 /* NOVATION - 808Rimshot.wav */; };
		65D082AC2B5CADB4005D09A9 /* AKAI - Snare Lo.wav in Resources */ = {isa = PBXBuildFile; fileRef = 65D082862B5CADB2005D09A9 /* AKAI - Snare Lo.wav */; };
		65D082AD2B5CADB4005D09A9 /* NOVATION - 808TomLo.wav in Resources */ = {isa = PBXBuildFile; fileRef = 65D082872B5CADB2005D09A9 /* NOVATION - 808TomLo.wav */; };
		65D082AE2B5CADB4005D09A9 /* KORG - Bongo 02.wav in Resources */ = {isa = PBXBuildFile; fileRef = 65D082882B5CADB3005D09A9 /* KORG - Bongo 02.wav */; };
		65D082AF2B5CADB4005D09A9 /* AKAI - Clave.wav in Resources */ = {isa = PBXBuildFile; fileRef = 65D082892B5CADB3005D09A9 /* AKAI - Clave.wav */; };
		65D082B02B5CADB4005D09A9 /* NOVATION - 808TomMid.wav in Resources */ = {isa = PBXBuildFile; fileRef = 65D0828A2B5CADB3005D09A9 /* NOVATION - 808TomMid.wav */; };
		65D082B12B5CADB4005D09A9 /* AKAI - Bongo Hi.wav in Resources */ = {isa = PBXBuildFile; fileRef = 65D0828B2B5CADB3005D09A9 /* AKAI - Bongo Hi.wav */; };
		65D082B22B5CADB4005D09A9 /* AKAI - Hat Closed.wav in Resources */ = {isa = PBXBuildFile; fileRef = 65D0828C2B5CADB3005D09A9 /* AKAI - Hat Closed.wav */; };
		65D082B32B5CADB4005D09A9 /* KORG - Rimshot.wav in Resources */ = {isa = PBXBuildFile; fileRef = 65D0828D2B5CADB3005D09A9 /* KORG - Rimshot.wav */; };
		65D082B42B5CADB4005D09A9 /* NOVATION - 808TomHi.wav in Resources */ = {isa = PBXBuildFile; fileRef = 65D0828E2B5CADB3005D09A9 /* NOVATION - 808TomHi.wav */; };
		65D082B52B5CADB4005D09A9 /* KORG - Metronome 02.wav in Resources */ = {isa = PBXBuildFile; fileRef = 65D0828F2B5CADB3005D09A9 /* KORG - Metronome 02.wav */; };
		65D082B62B5CADB4005D09A9 /* KAWAI - Snap.wav in Resources */ = {isa = PBXBuildFile; fileRef = 65D082902B5CADB3005D09A9 /* KAWAI - Snap.wav */; };
		65D082B72B5CADB4005D09A9 /* AKAI - Agogo Hi.wav in Resources */ = {isa = PBXBuildFile; fileRef = 65D082912B5CADB3005D09A9 /* AKAI - Agogo Hi.wav */; };
		65D082B82B5CADB4005D09A9 /* NOVATION - 808CongaHi.wav in Resources */ = {isa = PBXBuildFile; fileRef = 65D082922B5CADB3005D09A9 /* NOVATION - 808CongaHi.wav */; };
		65D082B92B5CADB4005D09A9 /* KORG - 808 Kick.wav in Resources */ = {isa = PBXBuildFile; fileRef = 65D082932B5CADB3005D09A9 /* KORG - 808 Kick.wav */; };
		65D082BA2B5CADB4005D09A9 /* KORG - Pluck.wav in Resources */ = {isa = PBXBuildFile; fileRef = 65D082942B5CADB3005D09A9 /* KORG - Pluck.wav */; };
		65D082BB2B5CADB4005D09A9 /* NOVATION - 808CongaLo.wav in Resources */ = {isa = PBXBuildFile; fileRef = 65D082952B5CADB3005D09A9 /* NOVATION - 808CongaLo.wav */; };
		65D082BC2B5CADB4005D09A9 /* NOVATION - 808Maracas.wav in Resources */ = {isa = PBXBuildFile; fileRef = 65D082962B5CADB3005D09A9 /* NOVATION - 808Maracas.wav */; };
		65D082BD2B5CADB4005D09A9 /* KAWAI - Click.wav in Resources */ = {isa = PBXBuildFile; fileRef = 65D082972B5CADB3005D09A9 /* KAWAI - Click.wav */; };
		65D082BE2B5CADB4005D09A9 /* AKAI - Conga Mute.wav in Resources */ = {isa = PBXBuildFile; fileRef = 65D082982B5CADB3005D09A9 /* AKAI - Conga Mute.wav */; };
		65D082BF2B5CADB4005D09A9 /* NOVATION - 808Hat.wav in Resources */ = {isa = PBXBuildFile; fileRef = 65D082992B5CADB3005D09A9 /* NOVATION - 808Hat.wav */; };
		65D082C02B5CADB4005D09A9 /* KORG - Hat Closed 02.wav in Resources */ = {isa = PBXBuildFile; fileRef = 65D0829A2B5CADB3005D09A9 /* KORG - Hat Closed 02.wav */; };
		65D082C12B5CADB4005D09A9 /* KORG - Conga.wav in Resources */ = {isa = PBXBuildFile; fileRef = 65D0829B2B5CADB3005D09A9 /* KORG - Conga.wav */; };
		65D082C22B5CADB4005D09A9 /* KORG - Rim.wav in Resources */ = {isa = PBXBuildFile; fileRef = 65D0829C2B5CADB3005D09A9 /* KORG - Rim.wav */; };
		65D082C32B5CADB4005D09A9 /* AKAI - Conga Hi.wav in Resources */ = {isa = PBXBuildFile; fileRef = 65D0829D2B5CADB3005D09A9 /* AKAI - Conga Hi.wav */; };
		65D082C42B5CADB4005D09A9 /* AKAI - Cowbell.wav in Resources */ = {isa = PBXBuildFile; fileRef = 65D0829E2B5CADB4005D09A9 /* AKAI - Cowbell.wav */; };
		65D082C52B5CADB4005D09A9 /* KORG - Metronome 01.wav in Resources */ = {isa = PBXBuildFile; fileRef = 65D0829F2B5CADB4005D09A9 /* KORG - Metronome 01.wav */; };
		65D082C62B5CADB4005D09A9 /* KORG - Hat Closed 01.wav in Resources */ = {isa = PBXBuildFile; fileRef = 65D082A02B5CADB4005D09A9 /* KORG - Hat Closed 01.wav */; };
		65D082C72B5CADB4005D09A9 /* NOVATION - 808Clave.wav in Resources */ = {isa = PBXBuildFile; fileRef = 65D082A12B5CADB4005D09A9 /* NOVATION - 808Clave.wav */; };
		65D082C82B5CADB4005D09A9 /* AKAI - Conga Op.wav in Resources */ = {isa = PBXBuildFile; fileRef = 65D082A22B5CADB4005D09A9 /* AKAI - Conga Op.wav */; };
		65D082C92B5CADB4005D09A9 /* KORG - Maracas.wav in Resources */ = {isa = PBXBuildFile; fileRef = 65D082A32B5CADB4005D09A9 /* KORG - Maracas.wav */; };
		65D082CA2B5CADB4005D09A9 /* KAWAI - BassDrum.wav in Resources */ = {isa = PBXBuildFile; fileRef = 65D082A42B5CADB4005D09A9 /* KAWAI - BassDrum.wav */; };
		65D999FC2D324667009B2B20 /* DescriptionModule.swift in Sources */ = {isa = PBXBuildFile; fileRef = 65D999FB2D324667009B2B20 /* DescriptionModule.swift */; };
		65D99A002D324890009B2B20 /* WorkoutView.swift in Sources */ = {isa = PBXBuildFile; fileRef = 65D999FF2D324890009B2B20 /* WorkoutView.swift */; };
		65D99A032D333B7E009B2B20 /* WorkoutSplashScreen.swift in Sources */ = {isa = PBXBuildFile; fileRef = 65D99A022D333B7E009B2B20 /* WorkoutSplashScreen.swift */; };
		65EC20772AEEBD3800410905 /* CGFloat + Extansions.swift in Sources */ = {isa = PBXBuildFile; fileRef = 65EC20762AEEBD3800410905 /* CGFloat + Extansions.swift */; };
		65EDA5802AEA3E0B007B6AE5 /* DashboardHeaderPicker.swift in Sources */ = {isa = PBXBuildFile; fileRef = 65EDA57F2AEA3E0B007B6AE5 /* DashboardHeaderPicker.swift */; };
		65EDA5872AEA948D007B6AE5 /* InTheRoomExercises.swift in Sources */ = {isa = PBXBuildFile; fileRef = 65EDA5862AEA948D007B6AE5 /* InTheRoomExercises.swift */; };
		65EDA58B2AEA950F007B6AE5 /* FactoryWorkouts.swift in Sources */ = {isa = PBXBuildFile; fileRef = 65EDA58A2AEA950F007B6AE5 /* FactoryWorkouts.swift */; };
		65EDA58D2AEA951D007B6AE5 /* ExerciseProtocol.swift in Sources */ = {isa = PBXBuildFile; fileRef = 65EDA58C2AEA951D007B6AE5 /* ExerciseProtocol.swift */; };
		65EDA58F2AEA952E007B6AE5 /* OnTheStreetExercises.swift in Sources */ = {isa = PBXBuildFile; fileRef = 65EDA58E2AEA952E007B6AE5 /* OnTheStreetExercises.swift */; };
/* End PBXBuildFile section */

/* Begin PBXContainerItemProxy section */
		6502D6BE2A595316000F96E0 /* PBXContainerItemProxy */ = {
			isa = PBXContainerItemProxy;
			containerPortal = 6502D69C2A595315000F96E0 /* Project object */;
			proxyType = 1;
			remoteGlobalIDString = 6502D6A32A595315000F96E0;
			remoteInfo = OneDot;
		};
		6502D6C82A595316000F96E0 /* PBXContainerItemProxy */ = {
			isa = PBXContainerItemProxy;
			containerPortal = 6502D69C2A595315000F96E0 /* Project object */;
			proxyType = 1;
			remoteGlobalIDString = 6502D6A32A595315000F96E0;
			remoteInfo = OneDot;
		};
/* End PBXContainerItemProxy section */

/* Begin PBXFileReference section */
		6502D6A42A595315000F96E0 /* OneDot.app */ = {isa = PBXFileReference; explicitFileType = wrapper.application; includeInIndex = 0; path = OneDot.app; sourceTree = BUILT_PRODUCTS_DIR; };
		6502D6A72A595315000F96E0 /* AppDelegate.swift */ = {isa = PBXFileReference; lastKnownFileType = sourcecode.swift; path = AppDelegate.swift; sourceTree = "<group>"; };
		6502D6AB2A595315000F96E0 /* DashboardVC.swift */ = {isa = PBXFileReference; lastKnownFileType = sourcecode.swift; path = DashboardVC.swift; sourceTree = "<group>"; };
		6502D6B12A595315000F96E0 /* OneDot.xcdatamodel */ = {isa = PBXFileReference; lastKnownFileType = wrapper.xcdatamodel; path = OneDot.xcdatamodel; sourceTree = "<group>"; };
		6502D6B32A595316000F96E0 /* Assets.xcassets */ = {isa = PBXFileReference; lastKnownFileType = folder.assetcatalog; path = Assets.xcassets; sourceTree = "<group>"; };
		6502D6B82A595316000F96E0 /* Info.plist */ = {isa = PBXFileReference; lastKnownFileType = text.plist.xml; path = Info.plist; sourceTree = "<group>"; };
		6502D6BD2A595316000F96E0 /* OneDotTests.xctest */ = {isa = PBXFileReference; explicitFileType = wrapper.cfbundle; includeInIndex = 0; path = OneDotTests.xctest; sourceTree = BUILT_PRODUCTS_DIR; };
		6502D6C12A595316000F96E0 /* OneDotTests.swift */ = {isa = PBXFileReference; lastKnownFileType = sourcecode.swift; path = OneDotTests.swift; sourceTree = "<group>"; };
		6502D6C72A595316000F96E0 /* OneDotUITests.xctest */ = {isa = PBXFileReference; explicitFileType = wrapper.cfbundle; includeInIndex = 0; path = OneDotUITests.xctest; sourceTree = BUILT_PRODUCTS_DIR; };
		6502D6CB2A595316000F96E0 /* OneDotUITests.swift */ = {isa = PBXFileReference; lastKnownFileType = sourcecode.swift; path = OneDotUITests.swift; sourceTree = "<group>"; };
		6502D6CD2A595316000F96E0 /* OneDotUITestsLaunchTests.swift */ = {isa = PBXFileReference; lastKnownFileType = sourcecode.swift; path = OneDotUITestsLaunchTests.swift; sourceTree = "<group>"; };
		6502D6E42A595AC6000F96E0 /* WorkoutHistoryVC.swift */ = {isa = PBXFileReference; lastKnownFileType = sourcecode.swift; path = WorkoutHistoryVC.swift; sourceTree = "<group>"; };
		6502D6EB2A59A517000F96E0 /* UIColor + Extansions.swift */ = {isa = PBXFileReference; lastKnownFileType = sourcecode.swift; path = "UIColor + Extansions.swift"; sourceTree = "<group>"; };
		6502D6EF2A5C9A1F000F96E0 /* WorkoutFooter.swift */ = {isa = PBXFileReference; lastKnownFileType = sourcecode.swift; path = WorkoutFooter.swift; sourceTree = "<group>"; };
		65055E202D0CF80500AC14C5 /* ScreenshotHelper.swift */ = {isa = PBXFileReference; lastKnownFileType = sourcecode.swift; path = ScreenshotHelper.swift; sourceTree = "<group>"; };
		65055E242D10470D00AC14C5 /* SelectedWorkoutHeader.swift */ = {isa = PBXFileReference; lastKnownFileType = sourcecode.swift; path = SelectedWorkoutHeader.swift; sourceTree = "<group>"; };
		65055E282D10ABAE00AC14C5 /* CALayer + Extansions.swift */ = {isa = PBXFileReference; lastKnownFileType = sourcecode.swift; path = "CALayer + Extansions.swift"; sourceTree = "<group>"; };
		651450722CF4A86C00610148 /* SettingsViewCell.swift */ = {isa = PBXFileReference; lastKnownFileType = sourcecode.swift; path = SettingsViewCell.swift; sourceTree = "<group>"; };
		6521308B2AC46F400056DEA5 /* StartSplachScreen.swift */ = {isa = PBXFileReference; lastKnownFileType = sourcecode.swift; path = StartSplachScreen.swift; sourceTree = "<group>"; };
		6521308D2AC587210056DEA5 /* AnimationManager.swift */ = {isa = PBXFileReference; lastKnownFileType = sourcecode.swift; path = AnimationManager.swift; sourceTree = "<group>"; };
		652AFE0F2D01208900548B2E /* AverageStatisticCell.swift */ = {isa = PBXFileReference; lastKnownFileType = sourcecode.swift; path = AverageStatisticCell.swift; sourceTree = "<group>"; };
		652AFE112D01CE3D00548B2E /* WorkoutCell.swift */ = {isa = PBXFileReference; lastKnownFileType = sourcecode.swift; path = WorkoutCell.swift; sourceTree = "<group>"; };
		654893982AAE8099005039DF /* DashboardHeader.swift */ = {isa = PBXFileReference; lastKnownFileType = sourcecode.swift; path = DashboardHeader.swift; sourceTree = "<group>"; };
		655268FB2CFA745E00611AD7 /* OneDot.entitlements */ = {isa = PBXFileReference; lastKnownFileType = text.plist.entitlements; path = OneDot.entitlements; sourceTree = "<group>"; };
		65551C762AC5D8CF00CE3309 /* ShapeManager.swift */ = {isa = PBXFileReference; lastKnownFileType = sourcecode.swift; path = ShapeManager.swift; sourceTree = "<group>"; };
		65551C782AC60F5A00CE3309 /* UserDefaultsManager.swift */ = {isa = PBXFileReference; lastKnownFileType = sourcecode.swift; path = UserDefaultsManager.swift; sourceTree = "<group>"; };
		655912952D073A57008C6E95 /* HealthKitData.swift */ = {isa = PBXFileReference; lastKnownFileType = sourcecode.swift; path = HealthKitData.swift; sourceTree = "<group>"; };
		655912972D07562F008C6E95 /* HealthKitManager.swift */ = {isa = PBXFileReference; lastKnownFileType = sourcecode.swift; path = HealthKitManager.swift; sourceTree = "<group>"; };
		655B538F2B2139470020FF32 /* CoreDataManager.swift */ = {isa = PBXFileReference; lastKnownFileType = sourcecode.swift; path = CoreDataManager.swift; sourceTree = "<group>"; };
		656469622B502F25006AC14F /* СalculationsView.swift */ = {isa = PBXFileReference; lastKnownFileType = sourcecode.swift; path = "СalculationsView.swift"; sourceTree = "<group>"; };
		6568C8B32CE20E4200993E00 /* UIView + Extansions.swift */ = {isa = PBXFileReference; lastKnownFileType = sourcecode.swift; path = "UIView + Extansions.swift"; sourceTree = "<group>"; };
		65783ECC2D12C9A200B6E4C2 /* UILabel + Extansions.swift */ = {isa = PBXFileReference; lastKnownFileType = sourcecode.swift; path = "UILabel + Extansions.swift"; sourceTree = "<group>"; };
		657D66242AA8693400397427 /* gitignore */ = {isa = PBXFileReference; fileEncoding = 4; lastKnownFileType = text; path = gitignore; sourceTree = "<group>"; };
		657D66262AA86D7000397427 /* AlertController.swift */ = {isa = PBXFileReference; lastKnownFileType = sourcecode.swift; path = AlertController.swift; sourceTree = "<group>"; };
		658FA7152D3AA63600F3BF15 /* AlertFooter.swift */ = {isa = PBXFileReference; lastKnownFileType = sourcecode.swift; path = AlertFooter.swift; sourceTree = "<group>"; };
		6591F04E2D0A6A76006597FE /* MapKitManager.swift */ = {isa = PBXFileReference; lastKnownFileType = sourcecode.swift; path = MapKitManager.swift; sourceTree = "<group>"; };
		6591F0512D0B37BB006597FE /* CalculationFooter.swift */ = {isa = PBXFileReference; lastKnownFileType = sourcecode.swift; path = CalculationFooter.swift; sourceTree = "<group>"; };
		659879212AB48BBD004F6E2D /* DashboardHeaderButton.swift */ = {isa = PBXFileReference; lastKnownFileType = sourcecode.swift; path = DashboardHeaderButton.swift; sourceTree = "<group>"; };
		659991FE2CF0CF0600D27B44 /* SettingsView.swift */ = {isa = PBXFileReference; lastKnownFileType = sourcecode.swift; path = SettingsView.swift; sourceTree = "<group>"; };
		65A10A272D3713FE0013E197 /* NotesView.swift */ = {isa = PBXFileReference; lastKnownFileType = sourcecode.swift; path = NotesView.swift; sourceTree = "<group>"; };
		65A10A282D3713FE0013E197 /* NotesTableViewEditCell.swift */ = {isa = PBXFileReference; lastKnownFileType = sourcecode.swift; path = NotesTableViewEditCell.swift; sourceTree = "<group>"; };
		65A10A2E2D377A7C0013E197 /* WorkoutHeader.swift */ = {isa = PBXFileReference; lastKnownFileType = sourcecode.swift; path = WorkoutHeader.swift; sourceTree = "<group>"; };
		65A4247D2D349ED1009B0E9A /* WorkoutVC.swift */ = {isa = PBXFileReference; lastKnownFileType = sourcecode.swift; path = WorkoutVC.swift; sourceTree = "<group>"; };
		65ADAEEB2D2B2C8800FAEC15 /* WorkoutFocusVC.swift */ = {isa = PBXFileReference; lastKnownFileType = sourcecode.swift; path = WorkoutFocusVC.swift; sourceTree = "<group>"; };
		65ADAEEE2D2B398E00FAEC15 /* MapView.swift */ = {isa = PBXFileReference; lastKnownFileType = sourcecode.swift; path = MapView.swift; sourceTree = "<group>"; };
		65D0827F2B5CADB2005D09A9 /* KORG - Clave.wav */ = {isa = PBXFileReference; lastKnownFileType = audio.wav; path = "KORG - Clave.wav"; sourceTree = "<group>"; };
		65D082802B5CADB2005D09A9 /* KORG - Bongo 01.wav */ = {isa = PBXFileReference; lastKnownFileType = audio.wav; path = "KORG - Bongo 01.wav"; sourceTree = "<group>"; };
		65D082812B5CADB2005D09A9 /* KAWAI - SnareDrum.wav */ = {isa = PBXFileReference; lastKnownFileType = audio.wav; path = "KAWAI - SnareDrum.wav"; sourceTree = "<group>"; };
		65D082822B5CADB2005D09A9 /* KORG - Stick.wav */ = {isa = PBXFileReference; lastKnownFileType = audio.wav; path = "KORG - Stick.wav"; sourceTree = "<group>"; };
		65D082832B5CADB2005D09A9 /* NOVATION - 808CongaMid.wav */ = {isa = PBXFileReference; lastKnownFileType = audio.wav; path = "NOVATION - 808CongaMid.wav"; sourceTree = "<group>"; };
		65D082842B5CADB2005D09A9 /* KORG - Bongo 03.wav */ = {isa = PBXFileReference; lastKnownFileType = audio.wav; path = "KORG - Bongo 03.wav"; sourceTree = "<group>"; };
		65D082852B5CADB2005D09A9 /* NOVATION - 808Rimshot.wav */ = {isa = PBXFileReference; lastKnownFileType = audio.wav; path = "NOVATION - 808Rimshot.wav"; sourceTree = "<group>"; };
		65D082862B5CADB2005D09A9 /* AKAI - Snare Lo.wav */ = {isa = PBXFileReference; lastKnownFileType = audio.wav; path = "AKAI - Snare Lo.wav"; sourceTree = "<group>"; };
		65D082872B5CADB2005D09A9 /* NOVATION - 808TomLo.wav */ = {isa = PBXFileReference; lastKnownFileType = audio.wav; path = "NOVATION - 808TomLo.wav"; sourceTree = "<group>"; };
		65D082882B5CADB3005D09A9 /* KORG - Bongo 02.wav */ = {isa = PBXFileReference; lastKnownFileType = audio.wav; path = "KORG - Bongo 02.wav"; sourceTree = "<group>"; };
		65D082892B5CADB3005D09A9 /* AKAI - Clave.wav */ = {isa = PBXFileReference; lastKnownFileType = audio.wav; path = "AKAI - Clave.wav"; sourceTree = "<group>"; };
		65D0828A2B5CADB3005D09A9 /* NOVATION - 808TomMid.wav */ = {isa = PBXFileReference; lastKnownFileType = audio.wav; path = "NOVATION - 808TomMid.wav"; sourceTree = "<group>"; };
		65D0828B2B5CADB3005D09A9 /* AKAI - Bongo Hi.wav */ = {isa = PBXFileReference; lastKnownFileType = audio.wav; path = "AKAI - Bongo Hi.wav"; sourceTree = "<group>"; };
		65D0828C2B5CADB3005D09A9 /* AKAI - Hat Closed.wav */ = {isa = PBXFileReference; lastKnownFileType = audio.wav; path = "AKAI - Hat Closed.wav"; sourceTree = "<group>"; };
		65D0828D2B5CADB3005D09A9 /* KORG - Rimshot.wav */ = {isa = PBXFileReference; lastKnownFileType = audio.wav; path = "KORG - Rimshot.wav"; sourceTree = "<group>"; };
		65D0828E2B5CADB3005D09A9 /* NOVATION - 808TomHi.wav */ = {isa = PBXFileReference; lastKnownFileType = audio.wav; path = "NOVATION - 808TomHi.wav"; sourceTree = "<group>"; };
		65D0828F2B5CADB3005D09A9 /* KORG - Metronome 02.wav */ = {isa = PBXFileReference; lastKnownFileType = audio.wav; path = "KORG - Metronome 02.wav"; sourceTree = "<group>"; };
		65D082902B5CADB3005D09A9 /* KAWAI - Snap.wav */ = {isa = PBXFileReference; lastKnownFileType = audio.wav; path = "KAWAI - Snap.wav"; sourceTree = "<group>"; };
		65D082912B5CADB3005D09A9 /* AKAI - Agogo Hi.wav */ = {isa = PBXFileReference; lastKnownFileType = audio.wav; path = "AKAI - Agogo Hi.wav"; sourceTree = "<group>"; };
		65D082922B5CADB3005D09A9 /* NOVATION - 808CongaHi.wav */ = {isa = PBXFileReference; lastKnownFileType = audio.wav; path = "NOVATION - 808CongaHi.wav"; sourceTree = "<group>"; };
		65D082932B5CADB3005D09A9 /* KORG - 808 Kick.wav */ = {isa = PBXFileReference; lastKnownFileType = audio.wav; path = "KORG - 808 Kick.wav"; sourceTree = "<group>"; };
		65D082942B5CADB3005D09A9 /* KORG - Pluck.wav */ = {isa = PBXFileReference; lastKnownFileType = audio.wav; path = "KORG - Pluck.wav"; sourceTree = "<group>"; };
		65D082952B5CADB3005D09A9 /* NOVATION - 808CongaLo.wav */ = {isa = PBXFileReference; lastKnownFileType = audio.wav; path = "NOVATION - 808CongaLo.wav"; sourceTree = "<group>"; };
		65D082962B5CADB3005D09A9 /* NOVATION - 808Maracas.wav */ = {isa = PBXFileReference; lastKnownFileType = audio.wav; path = "NOVATION - 808Maracas.wav"; sourceTree = "<group>"; };
		65D082972B5CADB3005D09A9 /* KAWAI - Click.wav */ = {isa = PBXFileReference; lastKnownFileType = audio.wav; path = "KAWAI - Click.wav"; sourceTree = "<group>"; };
		65D082982B5CADB3005D09A9 /* AKAI - Conga Mute.wav */ = {isa = PBXFileReference; lastKnownFileType = audio.wav; path = "AKAI - Conga Mute.wav"; sourceTree = "<group>"; };
		65D082992B5CADB3005D09A9 /* NOVATION - 808Hat.wav */ = {isa = PBXFileReference; lastKnownFileType = audio.wav; path = "NOVATION - 808Hat.wav"; sourceTree = "<group>"; };
		65D0829A2B5CADB3005D09A9 /* KORG - Hat Closed 02.wav */ = {isa = PBXFileReference; lastKnownFileType = audio.wav; path = "KORG - Hat Closed 02.wav"; sourceTree = "<group>"; };
		65D0829B2B5CADB3005D09A9 /* KORG - Conga.wav */ = {isa = PBXFileReference; lastKnownFileType = audio.wav; path = "KORG - Conga.wav"; sourceTree = "<group>"; };
		65D0829C2B5CADB3005D09A9 /* KORG - Rim.wav */ = {isa = PBXFileReference; lastKnownFileType = audio.wav; path = "KORG - Rim.wav"; sourceTree = "<group>"; };
		65D0829D2B5CADB3005D09A9 /* AKAI - Conga Hi.wav */ = {isa = PBXFileReference; lastKnownFileType = audio.wav; path = "AKAI - Conga Hi.wav"; sourceTree = "<group>"; };
		65D0829E2B5CADB4005D09A9 /* AKAI - Cowbell.wav */ = {isa = PBXFileReference; lastKnownFileType = audio.wav; path = "AKAI - Cowbell.wav"; sourceTree = "<group>"; };
		65D0829F2B5CADB4005D09A9 /* KORG - Metronome 01.wav */ = {isa = PBXFileReference; lastKnownFileType = audio.wav; path = "KORG - Metronome 01.wav"; sourceTree = "<group>"; };
		65D082A02B5CADB4005D09A9 /* KORG - Hat Closed 01.wav */ = {isa = PBXFileReference; lastKnownFileType = audio.wav; path = "KORG - Hat Closed 01.wav"; sourceTree = "<group>"; };
		65D082A12B5CADB4005D09A9 /* NOVATION - 808Clave.wav */ = {isa = PBXFileReference; lastKnownFileType = audio.wav; path = "NOVATION - 808Clave.wav"; sourceTree = "<group>"; };
		65D082A22B5CADB4005D09A9 /* AKAI - Conga Op.wav */ = {isa = PBXFileReference; lastKnownFileType = audio.wav; path = "AKAI - Conga Op.wav"; sourceTree = "<group>"; };
		65D082A32B5CADB4005D09A9 /* KORG - Maracas.wav */ = {isa = PBXFileReference; lastKnownFileType = audio.wav; path = "KORG - Maracas.wav"; sourceTree = "<group>"; };
		65D082A42B5CADB4005D09A9 /* KAWAI - BassDrum.wav */ = {isa = PBXFileReference; lastKnownFileType = audio.wav; path = "KAWAI - BassDrum.wav"; sourceTree = "<group>"; };
		65D999FB2D324667009B2B20 /* DescriptionModule.swift */ = {isa = PBXFileReference; lastKnownFileType = sourcecode.swift; path = DescriptionModule.swift; sourceTree = "<group>"; };
		65D999FF2D324890009B2B20 /* WorkoutView.swift */ = {isa = PBXFileReference; lastKnownFileType = sourcecode.swift; path = WorkoutView.swift; sourceTree = "<group>"; };
		65D99A022D333B7E009B2B20 /* WorkoutSplashScreen.swift */ = {isa = PBXFileReference; lastKnownFileType = sourcecode.swift; path = WorkoutSplashScreen.swift; sourceTree = "<group>"; };
		65EC20762AEEBD3800410905 /* CGFloat + Extansions.swift */ = {isa = PBXFileReference; lastKnownFileType = sourcecode.swift; path = "CGFloat + Extansions.swift"; sourceTree = "<group>"; };
		65EDA57F2AEA3E0B007B6AE5 /* DashboardHeaderPicker.swift */ = {isa = PBXFileReference; lastKnownFileType = sourcecode.swift; path = DashboardHeaderPicker.swift; sourceTree = "<group>"; };
		65EDA5862AEA948D007B6AE5 /* InTheRoomExercises.swift */ = {isa = PBXFileReference; lastKnownFileType = sourcecode.swift; path = InTheRoomExercises.swift; sourceTree = "<group>"; };
		65EDA58A2AEA950F007B6AE5 /* FactoryWorkouts.swift */ = {isa = PBXFileReference; lastKnownFileType = sourcecode.swift; path = FactoryWorkouts.swift; sourceTree = "<group>"; };
		65EDA58C2AEA951D007B6AE5 /* ExerciseProtocol.swift */ = {isa = PBXFileReference; lastKnownFileType = sourcecode.swift; path = ExerciseProtocol.swift; sourceTree = "<group>"; };
		65EDA58E2AEA952E007B6AE5 /* OnTheStreetExercises.swift */ = {isa = PBXFileReference; lastKnownFileType = sourcecode.swift; path = OnTheStreetExercises.swift; sourceTree = "<group>"; };
/* End PBXFileReference section */

/* Begin PBXFrameworksBuildPhase section */
		6502D6A12A595315000F96E0 /* Frameworks */ = {
			isa = PBXFrameworksBuildPhase;
			buildActionMask = 2147483647;
			files = (
			);
			runOnlyForDeploymentPostprocessing = 0;
		};
		6502D6BA2A595316000F96E0 /* Frameworks */ = {
			isa = PBXFrameworksBuildPhase;
			buildActionMask = 2147483647;
			files = (
			);
			runOnlyForDeploymentPostprocessing = 0;
		};
		6502D6C42A595316000F96E0 /* Frameworks */ = {
			isa = PBXFrameworksBuildPhase;
			buildActionMask = 2147483647;
			files = (
			);
			runOnlyForDeploymentPostprocessing = 0;
		};
/* End PBXFrameworksBuildPhase section */

/* Begin PBXGroup section */
		6502D69B2A595315000F96E0 = {
			isa = PBXGroup;
			children = (
				657D66242AA8693400397427 /* gitignore */,
				6502D6A62A595315000F96E0 /* OneDot */,
				6502D6C02A595316000F96E0 /* OneDotTests */,
				6502D6CA2A595316000F96E0 /* OneDotUITests */,
				6502D6A52A595315000F96E0 /* Products */,
			);
			sourceTree = "<group>";
		};
		6502D6A52A595315000F96E0 /* Products */ = {
			isa = PBXGroup;
			children = (
				6502D6A42A595315000F96E0 /* OneDot.app */,
				6502D6BD2A595316000F96E0 /* OneDotTests.xctest */,
				6502D6C72A595316000F96E0 /* OneDotUITests.xctest */,
			);
			name = Products;
			sourceTree = "<group>";
		};
		6502D6A62A595315000F96E0 /* OneDot */ = {
			isa = PBXGroup;
			children = (
				655268FB2CFA745E00611AD7 /* OneDot.entitlements */,
				6502D6DB2A59536C000F96E0 /* App */,
				6502D6DC2A595377000F96E0 /* Modules */,
				6568C8B22CE173BF00993E00 /* Subviews */,
				6502D6DE2A595731000F96E0 /* Models */,
				6502D6DF2A595738000F96E0 /* Services */,
				6502D6EA2A59A4EB000F96E0 /* Extansions */,
				6502D6DD2A595384000F96E0 /* Recourses */,
				6502D6DA2A59533B000F96E0 /* CoreData */,
			);
			path = OneDot;
			sourceTree = "<group>";
		};
		6502D6C02A595316000F96E0 /* OneDotTests */ = {
			isa = PBXGroup;
			children = (
				6502D6C12A595316000F96E0 /* OneDotTests.swift */,
			);
			path = OneDotTests;
			sourceTree = "<group>";
		};
		6502D6CA2A595316000F96E0 /* OneDotUITests */ = {
			isa = PBXGroup;
			children = (
				6502D6CB2A595316000F96E0 /* OneDotUITests.swift */,
				6502D6CD2A595316000F96E0 /* OneDotUITestsLaunchTests.swift */,
			);
			path = OneDotUITests;
			sourceTree = "<group>";
		};
		6502D6DA2A59533B000F96E0 /* CoreData */ = {
			isa = PBXGroup;
			children = (
				6502D6B02A595315000F96E0 /* OneDot.xcdatamodeld */,
			);
			path = CoreData;
			sourceTree = "<group>";
		};
		6502D6DB2A59536C000F96E0 /* App */ = {
			isa = PBXGroup;
			children = (
				6502D6A72A595315000F96E0 /* AppDelegate.swift */,
			);
			path = App;
			sourceTree = "<group>";
		};
		6502D6DC2A595377000F96E0 /* Modules */ = {
			isa = PBXGroup;
			children = (
				6502D6E02A595A3E000F96E0 /* DashboardModule */,
				65A4247F2D349F13009B0E9A /* WorkoutModeModule */,
				6502D6E62A595ADA000F96E0 /* WorkoutHistoryModule */,
				652AFE152D03D5EE00548B2E /* WorkoutFocusModule */,
			);
			path = Modules;
			sourceTree = "<group>";
		};
		6502D6DD2A595384000F96E0 /* Recourses */ = {
			isa = PBXGroup;
			children = (
				654B751A2B59505B009378E9 /* MetronomeClicks */,
				6502D6B82A595316000F96E0 /* Info.plist */,
				6502D6B32A595316000F96E0 /* Assets.xcassets */,
			);
			path = Recourses;
			sourceTree = "<group>";
		};
		6502D6DE2A595731000F96E0 /* Models */ = {
			isa = PBXGroup;
			children = (
				65EDA5832AEA9437007B6AE5 /* Exercises */,
			);
			path = Models;
			sourceTree = "<group>";
		};
		6502D6DF2A595738000F96E0 /* Services */ = {
			isa = PBXGroup;
			children = (
				65551C782AC60F5A00CE3309 /* UserDefaultsManager.swift */,
				655B538F2B2139470020FF32 /* CoreDataManager.swift */,
				655912972D07562F008C6E95 /* HealthKitManager.swift */,
				6591F04E2D0A6A76006597FE /* MapKitManager.swift */,
				6521308D2AC587210056DEA5 /* AnimationManager.swift */,
				65551C762AC5D8CF00CE3309 /* ShapeManager.swift */,
				65055E202D0CF80500AC14C5 /* ScreenshotHelper.swift */,
			);
			path = Services;
			sourceTree = "<group>";
		};
		6502D6E02A595A3E000F96E0 /* DashboardModule */ = {
			isa = PBXGroup;
			children = (
				6502D6AB2A595315000F96E0 /* DashboardVC.swift */,
			);
			path = DashboardModule;
			sourceTree = "<group>";
		};
		6502D6E62A595ADA000F96E0 /* WorkoutHistoryModule */ = {
			isa = PBXGroup;
			children = (
				6502D6E42A595AC6000F96E0 /* WorkoutHistoryVC.swift */,
				657BC3AA2D2940E7004E2DF2 /* Cells */,
			);
			path = WorkoutHistoryModule;
			sourceTree = "<group>";
		};
		6502D6EA2A59A4EB000F96E0 /* Extansions */ = {
			isa = PBXGroup;
			children = (
				6502D6EB2A59A517000F96E0 /* UIColor + Extansions.swift */,
				65EC20762AEEBD3800410905 /* CGFloat + Extansions.swift */,
				6568C8B32CE20E4200993E00 /* UIView + Extansions.swift */,
				65055E282D10ABAE00AC14C5 /* CALayer + Extansions.swift */,
				65783ECC2D12C9A200B6E4C2 /* UILabel + Extansions.swift */,
			);
			path = Extansions;
			sourceTree = "<group>";
		};
		652AFE152D03D5EE00548B2E /* WorkoutFocusModule */ = {
			isa = PBXGroup;
			children = (
				65ADAEEB2D2B2C8800FAEC15 /* WorkoutFocusVC.swift */,
			);
			path = WorkoutFocusModule;
			sourceTree = "<group>";
		};
		654B751A2B59505B009378E9 /* MetronomeClicks */ = {
			isa = PBXGroup;
			children = (
				65D082912B5CADB3005D09A9 /* AKAI - Agogo Hi.wav */,
				65D0828B2B5CADB3005D09A9 /* AKAI - Bongo Hi.wav */,
				65D082892B5CADB3005D09A9 /* AKAI - Clave.wav */,
				65D0829D2B5CADB3005D09A9 /* AKAI - Conga Hi.wav */,
				65D082982B5CADB3005D09A9 /* AKAI - Conga Mute.wav */,
				65D082A22B5CADB4005D09A9 /* AKAI - Conga Op.wav */,
				65D0829E2B5CADB4005D09A9 /* AKAI - Cowbell.wav */,
				65D0828C2B5CADB3005D09A9 /* AKAI - Hat Closed.wav */,
				65D082862B5CADB2005D09A9 /* AKAI - Snare Lo.wav */,
				65D082A42B5CADB4005D09A9 /* KAWAI - BassDrum.wav */,
				65D082972B5CADB3005D09A9 /* KAWAI - Click.wav */,
				65D082902B5CADB3005D09A9 /* KAWAI - Snap.wav */,
				65D082812B5CADB2005D09A9 /* KAWAI - SnareDrum.wav */,
				65D082932B5CADB3005D09A9 /* KORG - 808 Kick.wav */,
				65D082802B5CADB2005D09A9 /* KORG - Bongo 01.wav */,
				65D082882B5CADB3005D09A9 /* KORG - Bongo 02.wav */,
				65D082842B5CADB2005D09A9 /* KORG - Bongo 03.wav */,
				65D0827F2B5CADB2005D09A9 /* KORG - Clave.wav */,
				65D0829B2B5CADB3005D09A9 /* KORG - Conga.wav */,
				65D082A02B5CADB4005D09A9 /* KORG - Hat Closed 01.wav */,
				65D0829A2B5CADB3005D09A9 /* KORG - Hat Closed 02.wav */,
				65D082A32B5CADB4005D09A9 /* KORG - Maracas.wav */,
				65D0829F2B5CADB4005D09A9 /* KORG - Metronome 01.wav */,
				65D0828F2B5CADB3005D09A9 /* KORG - Metronome 02.wav */,
				65D082942B5CADB3005D09A9 /* KORG - Pluck.wav */,
				65D0829C2B5CADB3005D09A9 /* KORG - Rim.wav */,
				65D0828D2B5CADB3005D09A9 /* KORG - Rimshot.wav */,
				65D082822B5CADB2005D09A9 /* KORG - Stick.wav */,
				65D082A12B5CADB4005D09A9 /* NOVATION - 808Clave.wav */,
				65D082922B5CADB3005D09A9 /* NOVATION - 808CongaHi.wav */,
				65D082952B5CADB3005D09A9 /* NOVATION - 808CongaLo.wav */,
				65D082832B5CADB2005D09A9 /* NOVATION - 808CongaMid.wav */,
				65D082992B5CADB3005D09A9 /* NOVATION - 808Hat.wav */,
				65D082962B5CADB3005D09A9 /* NOVATION - 808Maracas.wav */,
				65D082852B5CADB2005D09A9 /* NOVATION - 808Rimshot.wav */,
				65D0828E2B5CADB3005D09A9 /* NOVATION - 808TomHi.wav */,
				65D082872B5CADB2005D09A9 /* NOVATION - 808TomLo.wav */,
				65D0828A2B5CADB3005D09A9 /* NOVATION - 808TomMid.wav */,
			);
			path = MetronomeClicks;
			sourceTree = "<group>";
		};
		65551C7A2AC61DF800CE3309 /* Settings */ = {
			isa = PBXGroup;
			children = (
				659991FE2CF0CF0600D27B44 /* SettingsView.swift */,
				651450722CF4A86C00610148 /* SettingsViewCell.swift */,
			);
			path = Settings;
			sourceTree = "<group>";
		};
		6568C8B02CE0960A00993E00 /* Footers */ = {
			isa = PBXGroup;
			children = (
				6502D6EF2A5C9A1F000F96E0 /* WorkoutFooter.swift */,
				6591F0512D0B37BB006597FE /* CalculationFooter.swift */,
				658FA7152D3AA63600F3BF15 /* AlertFooter.swift */,
			);
			path = Footers;
			sourceTree = "<group>";
		};
		6568C8B22CE173BF00993E00 /* Subviews */ = {
			isa = PBXGroup;
			children = (
				658F7A4D2AF46AA300FF087F /* Headers */,
				65D999FE2D3247FA009B2B20 /* Bodies */,
				6568C8B02CE0960A00993E00 /* Footers */,
				6521308B2AC46F400056DEA5 /* StartSplachScreen.swift */,
				65D99A022D333B7E009B2B20 /* WorkoutSplashScreen.swift */,
				65ADAEEE2D2B398E00FAEC15 /* MapView.swift */,
				65D999FB2D324667009B2B20 /* DescriptionModule.swift */,
				657D66262AA86D7000397427 /* AlertController.swift */,
			);
			path = Subviews;
			sourceTree = "<group>";
		};
		657BC3AA2D2940E7004E2DF2 /* Cells */ = {
			isa = PBXGroup;
			children = (
				652AFE112D01CE3D00548B2E /* WorkoutCell.swift */,
				652AFE0F2D01208900548B2E /* AverageStatisticCell.swift */,
			);
			path = Cells;
			sourceTree = "<group>";
		};
		658F7A4D2AF46AA300FF087F /* Headers */ = {
			isa = PBXGroup;
			children = (
				65A10A2D2D377A220013E197 /* DashboardHeader */,
				65055E242D10470D00AC14C5 /* SelectedWorkoutHeader.swift */,
				65A10A2E2D377A7C0013E197 /* WorkoutHeader.swift */,
			);
			path = Headers;
			sourceTree = "<group>";
		};
		65A10A2C2D3714100013E197 /* Notes */ = {
			isa = PBXGroup;
			children = (
				65A10A272D3713FE0013E197 /* NotesView.swift */,
				65A10A282D3713FE0013E197 /* NotesTableViewEditCell.swift */,
			);
			path = Notes;
			sourceTree = "<group>";
		};
		65A10A2D2D377A220013E197 /* DashboardHeader */ = {
			isa = PBXGroup;
			children = (
				654893982AAE8099005039DF /* DashboardHeader.swift */,
				659879212AB48BBD004F6E2D /* DashboardHeaderButton.swift */,
				65EDA57F2AEA3E0B007B6AE5 /* DashboardHeaderPicker.swift */,
			);
			path = DashboardHeader;
			sourceTree = "<group>";
		};
		65A4247F2D349F13009B0E9A /* WorkoutModeModule */ = {
			isa = PBXGroup;
			children = (
				65A4247D2D349ED1009B0E9A /* WorkoutVC.swift */,
			);
			path = WorkoutModeModule;
			sourceTree = "<group>";
		};
		65C517002AF01F0400095AFE /* Сalculation */ = {
			isa = PBXGroup;
			children = (
				656469622B502F25006AC14F /* СalculationsView.swift */,
			);
			path = "Сalculation";
			sourceTree = "<group>";
		};
		65D999FE2D3247FA009B2B20 /* Bodies */ = {
			isa = PBXGroup;
			children = (
				65A10A2C2D3714100013E197 /* Notes */,
				65C517002AF01F0400095AFE /* Сalculation */,
				65551C7A2AC61DF800CE3309 /* Settings */,
				65D99A012D324897009B2B20 /* Workout */,
			);
			path = Bodies;
			sourceTree = "<group>";
		};
		65D99A012D324897009B2B20 /* Workout */ = {
			isa = PBXGroup;
			children = (
				65D999FF2D324890009B2B20 /* WorkoutView.swift */,
			);
			path = Workout;
			sourceTree = "<group>";
		};
		65EDA5832AEA9437007B6AE5 /* Exercises */ = {
			isa = PBXGroup;
			children = (
				655912952D073A57008C6E95 /* HealthKitData.swift */,
				65EDA58C2AEA951D007B6AE5 /* ExerciseProtocol.swift */,
				65EDA5862AEA948D007B6AE5 /* InTheRoomExercises.swift */,
				65EDA58E2AEA952E007B6AE5 /* OnTheStreetExercises.swift */,
				65EDA58A2AEA950F007B6AE5 /* FactoryWorkouts.swift */,
			);
			path = Exercises;
			sourceTree = "<group>";
		};
/* End PBXGroup section */

/* Begin PBXNativeTarget section */
		6502D6A32A595315000F96E0 /* OneDot */ = {
			isa = PBXNativeTarget;
			buildConfigurationList = 6502D6D12A595316000F96E0 /* Build configuration list for PBXNativeTarget "OneDot" */;
			buildPhases = (
				6502D6A02A595315000F96E0 /* Sources */,
				6502D6A12A595315000F96E0 /* Frameworks */,
				6502D6A22A595315000F96E0 /* Resources */,
			);
			buildRules = (
			);
			dependencies = (
			);
			name = OneDot;
			productName = OneDot;
			productReference = 6502D6A42A595315000F96E0 /* OneDot.app */;
			productType = "com.apple.product-type.application";
		};
		6502D6BC2A595316000F96E0 /* OneDotTests */ = {
			isa = PBXNativeTarget;
			buildConfigurationList = 6502D6D42A595316000F96E0 /* Build configuration list for PBXNativeTarget "OneDotTests" */;
			buildPhases = (
				6502D6B92A595316000F96E0 /* Sources */,
				6502D6BA2A595316000F96E0 /* Frameworks */,
				6502D6BB2A595316000F96E0 /* Resources */,
			);
			buildRules = (
			);
			dependencies = (
				6502D6BF2A595316000F96E0 /* PBXTargetDependency */,
			);
			name = OneDotTests;
			productName = OneDotTests;
			productReference = 6502D6BD2A595316000F96E0 /* OneDotTests.xctest */;
			productType = "com.apple.product-type.bundle.unit-test";
		};
		6502D6C62A595316000F96E0 /* OneDotUITests */ = {
			isa = PBXNativeTarget;
			buildConfigurationList = 6502D6D72A595316000F96E0 /* Build configuration list for PBXNativeTarget "OneDotUITests" */;
			buildPhases = (
				6502D6C32A595316000F96E0 /* Sources */,
				6502D6C42A595316000F96E0 /* Frameworks */,
				6502D6C52A595316000F96E0 /* Resources */,
			);
			buildRules = (
			);
			dependencies = (
				6502D6C92A595316000F96E0 /* PBXTargetDependency */,
			);
			name = OneDotUITests;
			productName = OneDotUITests;
			productReference = 6502D6C72A595316000F96E0 /* OneDotUITests.xctest */;
			productType = "com.apple.product-type.bundle.ui-testing";
		};
/* End PBXNativeTarget section */

/* Begin PBXProject section */
		6502D69C2A595315000F96E0 /* Project object */ = {
			isa = PBXProject;
			attributes = {
				BuildIndependentTargetsInParallel = 1;
				LastSwiftUpdateCheck = 1500;
				LastUpgradeCheck = 1500;
				TargetAttributes = {
					6502D6A32A595315000F96E0 = {
						CreatedOnToolsVersion = 15.0;
					};
					6502D6BC2A595316000F96E0 = {
						CreatedOnToolsVersion = 15.0;
						TestTargetID = 6502D6A32A595315000F96E0;
					};
					6502D6C62A595316000F96E0 = {
						CreatedOnToolsVersion = 15.0;
						TestTargetID = 6502D6A32A595315000F96E0;
					};
				};
			};
			buildConfigurationList = 6502D69F2A595315000F96E0 /* Build configuration list for PBXProject "OneDot" */;
			compatibilityVersion = "Xcode 14.0";
			developmentRegion = en;
			hasScannedForEncodings = 0;
			knownRegions = (
				en,
				Base,
			);
			mainGroup = 6502D69B2A595315000F96E0;
			productRefGroup = 6502D6A52A595315000F96E0 /* Products */;
			projectDirPath = "";
			projectRoot = "";
			targets = (
				6502D6A32A595315000F96E0 /* OneDot */,
				6502D6BC2A595316000F96E0 /* OneDotTests */,
				6502D6C62A595316000F96E0 /* OneDotUITests */,
			);
		};
/* End PBXProject section */

/* Begin PBXResourcesBuildPhase section */
		6502D6A22A595315000F96E0 /* Resources */ = {
			isa = PBXResourcesBuildPhase;
			buildActionMask = 2147483647;
			files = (
				65D082B32B5CADB4005D09A9 /* KORG - Rimshot.wav in Resources */,
				65D082A72B5CADB4005D09A9 /* KAWAI - SnareDrum.wav in Resources */,
				65D082BD2B5CADB4005D09A9 /* KAWAI - Click.wav in Resources */,
				65D082A52B5CADB4005D09A9 /* KORG - Clave.wav in Resources */,
				65D082A82B5CADB4005D09A9 /* KORG - Stick.wav in Resources */,
				65D082C12B5CADB4005D09A9 /* KORG - Conga.wav in Resources */,
				65D082B62B5CADB4005D09A9 /* KAWAI - Snap.wav in Resources */,
				65D082C52B5CADB4005D09A9 /* KORG - Metronome 01.wav in Resources */,
				65D082B72B5CADB4005D09A9 /* AKAI - Agogo Hi.wav in Resources */,
				65D082B02B5CADB4005D09A9 /* NOVATION - 808TomMid.wav in Resources */,
				65D082AB2B5CADB4005D09A9 /* NOVATION - 808Rimshot.wav in Resources */,
				65D082CA2B5CADB4005D09A9 /* KAWAI - BassDrum.wav in Resources */,
				65D082BC2B5CADB4005D09A9 /* NOVATION - 808Maracas.wav in Resources */,
				65D082C72B5CADB4005D09A9 /* NOVATION - 808Clave.wav in Resources */,
				65D082B92B5CADB4005D09A9 /* KORG - 808 Kick.wav in Resources */,
				65D082C92B5CADB4005D09A9 /* KORG - Maracas.wav in Resources */,
				65D082B52B5CADB4005D09A9 /* KORG - Metronome 02.wav in Resources */,
				65D082C82B5CADB4005D09A9 /* AKAI - Conga Op.wav in Resources */,
				65D082A62B5CADB4005D09A9 /* KORG - Bongo 01.wav in Resources */,
				65D082BA2B5CADB4005D09A9 /* KORG - Pluck.wav in Resources */,
				65D082B42B5CADB4005D09A9 /* NOVATION - 808TomHi.wav in Resources */,
				65D082A92B5CADB4005D09A9 /* NOVATION - 808CongaMid.wav in Resources */,
				65D082B12B5CADB4005D09A9 /* AKAI - Bongo Hi.wav in Resources */,
				65D082C22B5CADB4005D09A9 /* KORG - Rim.wav in Resources */,
				65D082C62B5CADB4005D09A9 /* KORG - Hat Closed 01.wav in Resources */,
				65D082C42B5CADB4005D09A9 /* AKAI - Cowbell.wav in Resources */,
				65D082AE2B5CADB4005D09A9 /* KORG - Bongo 02.wav in Resources */,
				65D082AD2B5CADB4005D09A9 /* NOVATION - 808TomLo.wav in Resources */,
				6502D6B42A595316000F96E0 /* Assets.xcassets in Resources */,
				65D082BB2B5CADB4005D09A9 /* NOVATION - 808CongaLo.wav in Resources */,
				65D082BF2B5CADB4005D09A9 /* NOVATION - 808Hat.wav in Resources */,
				65D082C32B5CADB4005D09A9 /* AKAI - Conga Hi.wav in Resources */,
				65D082B22B5CADB4005D09A9 /* AKAI - Hat Closed.wav in Resources */,
				657D66252AA8693400397427 /* gitignore in Resources */,
				65D082AF2B5CADB4005D09A9 /* AKAI - Clave.wav in Resources */,
				65D082AC2B5CADB4005D09A9 /* AKAI - Snare Lo.wav in Resources */,
				65D082AA2B5CADB4005D09A9 /* KORG - Bongo 03.wav in Resources */,
				65D082B82B5CADB4005D09A9 /* NOVATION - 808CongaHi.wav in Resources */,
				65D082BE2B5CADB4005D09A9 /* AKAI - Conga Mute.wav in Resources */,
				65D082C02B5CADB4005D09A9 /* KORG - Hat Closed 02.wav in Resources */,
			);
			runOnlyForDeploymentPostprocessing = 0;
		};
		6502D6BB2A595316000F96E0 /* Resources */ = {
			isa = PBXResourcesBuildPhase;
			buildActionMask = 2147483647;
			files = (
			);
			runOnlyForDeploymentPostprocessing = 0;
		};
		6502D6C52A595316000F96E0 /* Resources */ = {
			isa = PBXResourcesBuildPhase;
			buildActionMask = 2147483647;
			files = (
			);
			runOnlyForDeploymentPostprocessing = 0;
		};
/* End PBXResourcesBuildPhase section */

/* Begin PBXSourcesBuildPhase section */
		6502D6A02A595315000F96E0 /* Sources */ = {
			isa = PBXSourcesBuildPhase;
			buildActionMask = 2147483647;
			files = (
				65A10A2A2D3713FE0013E197 /* NotesTableViewEditCell.swift in Sources */,
				65D99A032D333B7E009B2B20 /* WorkoutSplashScreen.swift in Sources */,
				65EDA5802AEA3E0B007B6AE5 /* DashboardHeaderPicker.swift in Sources */,
				65A4247E2D349ED1009B0E9A /* WorkoutVC.swift in Sources */,
				655B53902B2139470020FF32 /* CoreDataManager.swift in Sources */,
				65A10A2F2D377A7C0013E197 /* WorkoutHeader.swift in Sources */,
				65A10A2B2D3713FE0013E197 /* NotesView.swift in Sources */,
				6521308E2AC587210056DEA5 /* AnimationManager.swift in Sources */,
				654893992AAE8099005039DF /* DashboardHeader.swift in Sources */,
				65EDA58F2AEA952E007B6AE5 /* OnTheStreetExercises.swift in Sources */,
				6568C8B42CE20E4200993E00 /* UIView + Extansions.swift in Sources */,
				65055E212D0CF80500AC14C5 /* ScreenshotHelper.swift in Sources */,
				65ADAEEC2D2B2C8800FAEC15 /* WorkoutFocusVC.swift in Sources */,
				65EC20772AEEBD3800410905 /* CGFloat + Extansions.swift in Sources */,
				65551C772AC5D8CF00CE3309 /* ShapeManager.swift in Sources */,
				656469632B502F25006AC14F /* СalculationsView.swift in Sources */,
				6502D6B22A595315000F96E0 /* OneDot.xcdatamodeld in Sources */,
				6502D6EC2A59A517000F96E0 /* UIColor + Extansions.swift in Sources */,
				6591F0522D0B37BB006597FE /* CalculationFooter.swift in Sources */,
				6502D6E52A595AC6000F96E0 /* WorkoutHistoryVC.swift in Sources */,
				65EDA5872AEA948D007B6AE5 /* InTheRoomExercises.swift in Sources */,
				65ADAEEF2D2B398E00FAEC15 /* MapView.swift in Sources */,
				659991FF2CF0CF0600D27B44 /* SettingsView.swift in Sources */,
				65055E292D10ABAE00AC14C5 /* CALayer + Extansions.swift in Sources */,
				652AFE122D01CE3D00548B2E /* WorkoutCell.swift in Sources */,
				651450732CF4A86C00610148 /* SettingsViewCell.swift in Sources */,
				655912982D07562F008C6E95 /* HealthKitManager.swift in Sources */,
				6502D6F02A5C9A1F000F96E0 /* WorkoutFooter.swift in Sources */,
				65055E252D10470D00AC14C5 /* SelectedWorkoutHeader.swift in Sources */,
				6591F04F2D0A6A76006597FE /* MapKitManager.swift in Sources */,
				6521308C2AC46F400056DEA5 /* StartSplachScreen.swift in Sources */,
				657D66272AA86D7000397427 /* AlertController.swift in Sources */,
				65EDA58B2AEA950F007B6AE5 /* FactoryWorkouts.swift in Sources */,
				65551C792AC60F5A00CE3309 /* UserDefaultsManager.swift in Sources */,
				652AFE102D01208900548B2E /* AverageStatisticCell.swift in Sources */,
				658FA7162D3AA63600F3BF15 /* AlertFooter.swift in Sources */,
				655912962D073A57008C6E95 /* HealthKitData.swift in Sources */,
				65D999FC2D324667009B2B20 /* DescriptionModule.swift in Sources */,
				65D99A002D324890009B2B20 /* WorkoutView.swift in Sources */,
				659879222AB48BBD004F6E2D /* DashboardHeaderButton.swift in Sources */,
				65EDA58D2AEA951D007B6AE5 /* ExerciseProtocol.swift in Sources */,
				65783ECD2D12C9A200B6E4C2 /* UILabel + Extansions.swift in Sources */,
				6502D6AC2A595315000F96E0 /* DashboardVC.swift in Sources */,
				6502D6A82A595315000F96E0 /* AppDelegate.swift in Sources */,
			);
			runOnlyForDeploymentPostprocessing = 0;
		};
		6502D6B92A595316000F96E0 /* Sources */ = {
			isa = PBXSourcesBuildPhase;
			buildActionMask = 2147483647;
			files = (
				6502D6C22A595316000F96E0 /* OneDotTests.swift in Sources */,
			);
			runOnlyForDeploymentPostprocessing = 0;
		};
		6502D6C32A595316000F96E0 /* Sources */ = {
			isa = PBXSourcesBuildPhase;
			buildActionMask = 2147483647;
			files = (
				6502D6CC2A595316000F96E0 /* OneDotUITests.swift in Sources */,
				6502D6CE2A595316000F96E0 /* OneDotUITestsLaunchTests.swift in Sources */,
			);
			runOnlyForDeploymentPostprocessing = 0;
		};
/* End PBXSourcesBuildPhase section */

/* Begin PBXTargetDependency section */
		6502D6BF2A595316000F96E0 /* PBXTargetDependency */ = {
			isa = PBXTargetDependency;
			target = 6502D6A32A595315000F96E0 /* OneDot */;
			targetProxy = 6502D6BE2A595316000F96E0 /* PBXContainerItemProxy */;
		};
		6502D6C92A595316000F96E0 /* PBXTargetDependency */ = {
			isa = PBXTargetDependency;
			target = 6502D6A32A595315000F96E0 /* OneDot */;
			targetProxy = 6502D6C82A595316000F96E0 /* PBXContainerItemProxy */;
		};
/* End PBXTargetDependency section */

/* Begin XCBuildConfiguration section */
		6502D6CF2A595316000F96E0 /* Debug */ = {
			isa = XCBuildConfiguration;
			buildSettings = {
				ALWAYS_SEARCH_USER_PATHS = NO;
				ASSETCATALOG_COMPILER_GENERATE_SWIFT_ASSET_SYMBOL_EXTENSIONS = YES;
				CLANG_ANALYZER_NONNULL = YES;
				CLANG_ANALYZER_NUMBER_OBJECT_CONVERSION = YES_AGGRESSIVE;
				CLANG_CXX_LANGUAGE_STANDARD = "gnu++20";
				CLANG_ENABLE_MODULES = YES;
				CLANG_ENABLE_OBJC_ARC = YES;
				CLANG_ENABLE_OBJC_WEAK = YES;
				CLANG_WARN_BLOCK_CAPTURE_AUTORELEASING = YES;
				CLANG_WARN_BOOL_CONVERSION = YES;
				CLANG_WARN_COMMA = YES;
				CLANG_WARN_CONSTANT_CONVERSION = YES;
				CLANG_WARN_DEPRECATED_OBJC_IMPLEMENTATIONS = YES;
				CLANG_WARN_DIRECT_OBJC_ISA_USAGE = YES_ERROR;
				CLANG_WARN_DOCUMENTATION_COMMENTS = YES;
				CLANG_WARN_EMPTY_BODY = YES;
				CLANG_WARN_ENUM_CONVERSION = YES;
				CLANG_WARN_INFINITE_RECURSION = YES;
				CLANG_WARN_INT_CONVERSION = YES;
				CLANG_WARN_NON_LITERAL_NULL_CONVERSION = YES;
				CLANG_WARN_OBJC_IMPLICIT_RETAIN_SELF = YES;
				CLANG_WARN_OBJC_LITERAL_CONVERSION = YES;
				CLANG_WARN_OBJC_ROOT_CLASS = YES_ERROR;
				CLANG_WARN_QUOTED_INCLUDE_IN_FRAMEWORK_HEADER = YES;
				CLANG_WARN_RANGE_LOOP_ANALYSIS = YES;
				CLANG_WARN_STRICT_PROTOTYPES = YES;
				CLANG_WARN_SUSPICIOUS_MOVE = YES;
				CLANG_WARN_UNGUARDED_AVAILABILITY = YES_AGGRESSIVE;
				CLANG_WARN_UNREACHABLE_CODE = YES;
				CLANG_WARN__DUPLICATE_METHOD_MATCH = YES;
				COPY_PHASE_STRIP = NO;
				DEBUG_INFORMATION_FORMAT = dwarf;
				ENABLE_STRICT_OBJC_MSGSEND = YES;
				ENABLE_TESTABILITY = YES;
				ENABLE_USER_SCRIPT_SANDBOXING = YES;
				GCC_C_LANGUAGE_STANDARD = gnu17;
				GCC_DYNAMIC_NO_PIC = NO;
				GCC_NO_COMMON_BLOCKS = YES;
				GCC_OPTIMIZATION_LEVEL = 0;
				GCC_PREPROCESSOR_DEFINITIONS = (
					"DEBUG=1",
					"$(inherited)",
				);
				GCC_WARN_64_TO_32_BIT_CONVERSION = YES;
				GCC_WARN_ABOUT_RETURN_TYPE = YES_ERROR;
				GCC_WARN_UNDECLARED_SELECTOR = YES;
				GCC_WARN_UNINITIALIZED_AUTOS = YES_AGGRESSIVE;
				GCC_WARN_UNUSED_FUNCTION = YES;
				GCC_WARN_UNUSED_VARIABLE = YES;
				IPHONEOS_DEPLOYMENT_TARGET = 17.0;
				LOCALIZATION_PREFERS_STRING_CATALOGS = YES;
				MTL_ENABLE_DEBUG_INFO = INCLUDE_SOURCE;
				MTL_FAST_MATH = YES;
				ONLY_ACTIVE_ARCH = YES;
				SDKROOT = iphoneos;
				SWIFT_ACTIVE_COMPILATION_CONDITIONS = "DEBUG $(inherited)";
				SWIFT_OPTIMIZATION_LEVEL = "-Onone";
			};
			name = Debug;
		};
		6502D6D02A595316000F96E0 /* Release */ = {
			isa = XCBuildConfiguration;
			buildSettings = {
				ALWAYS_SEARCH_USER_PATHS = NO;
				ASSETCATALOG_COMPILER_GENERATE_SWIFT_ASSET_SYMBOL_EXTENSIONS = YES;
				CLANG_ANALYZER_NONNULL = YES;
				CLANG_ANALYZER_NUMBER_OBJECT_CONVERSION = YES_AGGRESSIVE;
				CLANG_CXX_LANGUAGE_STANDARD = "gnu++20";
				CLANG_ENABLE_MODULES = YES;
				CLANG_ENABLE_OBJC_ARC = YES;
				CLANG_ENABLE_OBJC_WEAK = YES;
				CLANG_WARN_BLOCK_CAPTURE_AUTORELEASING = YES;
				CLANG_WARN_BOOL_CONVERSION = YES;
				CLANG_WARN_COMMA = YES;
				CLANG_WARN_CONSTANT_CONVERSION = YES;
				CLANG_WARN_DEPRECATED_OBJC_IMPLEMENTATIONS = YES;
				CLANG_WARN_DIRECT_OBJC_ISA_USAGE = YES_ERROR;
				CLANG_WARN_DOCUMENTATION_COMMENTS = YES;
				CLANG_WARN_EMPTY_BODY = YES;
				CLANG_WARN_ENUM_CONVERSION = YES;
				CLANG_WARN_INFINITE_RECURSION = YES;
				CLANG_WARN_INT_CONVERSION = YES;
				CLANG_WARN_NON_LITERAL_NULL_CONVERSION = YES;
				CLANG_WARN_OBJC_IMPLICIT_RETAIN_SELF = YES;
				CLANG_WARN_OBJC_LITERAL_CONVERSION = YES;
				CLANG_WARN_OBJC_ROOT_CLASS = YES_ERROR;
				CLANG_WARN_QUOTED_INCLUDE_IN_FRAMEWORK_HEADER = YES;
				CLANG_WARN_RANGE_LOOP_ANALYSIS = YES;
				CLANG_WARN_STRICT_PROTOTYPES = YES;
				CLANG_WARN_SUSPICIOUS_MOVE = YES;
				CLANG_WARN_UNGUARDED_AVAILABILITY = YES_AGGRESSIVE;
				CLANG_WARN_UNREACHABLE_CODE = YES;
				CLANG_WARN__DUPLICATE_METHOD_MATCH = YES;
				COPY_PHASE_STRIP = NO;
				DEBUG_INFORMATION_FORMAT = "dwarf-with-dsym";
				ENABLE_NS_ASSERTIONS = NO;
				ENABLE_STRICT_OBJC_MSGSEND = YES;
				ENABLE_USER_SCRIPT_SANDBOXING = YES;
				GCC_C_LANGUAGE_STANDARD = gnu17;
				GCC_NO_COMMON_BLOCKS = YES;
				GCC_WARN_64_TO_32_BIT_CONVERSION = YES;
				GCC_WARN_ABOUT_RETURN_TYPE = YES_ERROR;
				GCC_WARN_UNDECLARED_SELECTOR = YES;
				GCC_WARN_UNINITIALIZED_AUTOS = YES_AGGRESSIVE;
				GCC_WARN_UNUSED_FUNCTION = YES;
				GCC_WARN_UNUSED_VARIABLE = YES;
				IPHONEOS_DEPLOYMENT_TARGET = 17.0;
				LOCALIZATION_PREFERS_STRING_CATALOGS = YES;
				MTL_ENABLE_DEBUG_INFO = NO;
				MTL_FAST_MATH = YES;
				SDKROOT = iphoneos;
				SWIFT_COMPILATION_MODE = wholemodule;
				VALIDATE_PRODUCT = YES;
			};
			name = Release;
		};
		6502D6D22A595316000F96E0 /* Debug */ = {
			isa = XCBuildConfiguration;
			buildSettings = {
				ASSETCATALOG_COMPILER_APPICON_NAME = AppIcon;
				ASSETCATALOG_COMPILER_GLOBAL_ACCENT_COLOR_NAME = AccentColor;
				ASSETCATALOG_COMPILER_INCLUDE_ALL_APPICON_ASSETS = YES;
				CODE_SIGN_ENTITLEMENTS = OneDot/OneDot.entitlements;
				CODE_SIGN_STYLE = Automatic;
				CURRENT_PROJECT_VERSION = 1;
				DEVELOPMENT_TEAM = 773P6S26HM;
				GENERATE_INFOPLIST_FILE = YES;
				INFOPLIST_FILE = OneDot/Recourses/Info.plist;
				INFOPLIST_KEY_NSHealthShareUsageDescription = "Мы используем данные Apple Health для предоставления персонализированных спортивных рекомендаций.";
				INFOPLIST_KEY_NSLocationWhenInUseUsageDescription = "";
				INFOPLIST_KEY_NSPhotoLibraryUsageDescription = "Приложению нужен доступ к вашей фото-библиотеке для загрузки изображений";
				INFOPLIST_KEY_UIApplicationSupportsIndirectInputEvents = YES;
				INFOPLIST_KEY_UISupportedInterfaceOrientations = UIInterfaceOrientationPortrait;
				LD_RUNPATH_SEARCH_PATHS = (
					"$(inherited)",
					"@executable_path/Frameworks",
				);
				MARKETING_VERSION = 1.0;
				PRODUCT_BUNDLE_IDENTIFIER = OneDotTracker;
				PRODUCT_NAME = "$(TARGET_NAME)";
				SWIFT_EMIT_LOC_STRINGS = YES;
				SWIFT_VERSION = 5.0;
				TARGETED_DEVICE_FAMILY = "1,2";
			};
			name = Debug;
		};
		6502D6D32A595316000F96E0 /* Release */ = {
			isa = XCBuildConfiguration;
			buildSettings = {
				ASSETCATALOG_COMPILER_APPICON_NAME = AppIcon;
				ASSETCATALOG_COMPILER_GLOBAL_ACCENT_COLOR_NAME = AccentColor;
				ASSETCATALOG_COMPILER_INCLUDE_ALL_APPICON_ASSETS = YES;
				CODE_SIGN_ENTITLEMENTS = OneDot/OneDot.entitlements;
				CODE_SIGN_STYLE = Automatic;
				CURRENT_PROJECT_VERSION = 1;
				DEVELOPMENT_TEAM = 773P6S26HM;
				GENERATE_INFOPLIST_FILE = YES;
				INFOPLIST_FILE = OneDot/Recourses/Info.plist;
				INFOPLIST_KEY_NSHealthShareUsageDescription = "Мы используем данные Apple Health для предоставления персонализированных спортивных рекомендаций.";
				INFOPLIST_KEY_NSLocationWhenInUseUsageDescription = "";
				INFOPLIST_KEY_NSPhotoLibraryUsageDescription = "Приложению нужен доступ к вашей фото-библиотеке для загрузки изображений";
				INFOPLIST_KEY_UIApplicationSupportsIndirectInputEvents = YES;
				INFOPLIST_KEY_UISupportedInterfaceOrientations = UIInterfaceOrientationPortrait;
				LD_RUNPATH_SEARCH_PATHS = (
					"$(inherited)",
					"@executable_path/Frameworks",
				);
				MARKETING_VERSION = 1.0;
				PRODUCT_BUNDLE_IDENTIFIER = OneDotTracker;
				PRODUCT_NAME = "$(TARGET_NAME)";
				SWIFT_EMIT_LOC_STRINGS = YES;
				SWIFT_VERSION = 5.0;
				TARGETED_DEVICE_FAMILY = "1,2";
			};
			name = Release;
		};
		6502D6D52A595316000F96E0 /* Debug */ = {
			isa = XCBuildConfiguration;
			buildSettings = {
				ALWAYS_EMBED_SWIFT_STANDARD_LIBRARIES = YES;
				BUNDLE_LOADER = "$(TEST_HOST)";
				CODE_SIGN_STYLE = Automatic;
				CURRENT_PROJECT_VERSION = 1;
				DEVELOPMENT_TEAM = XSJLPH4XDX;
				GENERATE_INFOPLIST_FILE = YES;
				IPHONEOS_DEPLOYMENT_TARGET = 17.0;
				MARKETING_VERSION = 1.0;
				PRODUCT_BUNDLE_IDENTIFIER = korobitsynDev.OneDotTests;
				PRODUCT_NAME = "$(TARGET_NAME)";
				SWIFT_EMIT_LOC_STRINGS = NO;
				SWIFT_VERSION = 5.0;
				TARGETED_DEVICE_FAMILY = "1,2";
				TEST_HOST = "$(BUILT_PRODUCTS_DIR)/OneDot.app/$(BUNDLE_EXECUTABLE_FOLDER_PATH)/OneDot";
			};
			name = Debug;
		};
		6502D6D62A595316000F96E0 /* Release */ = {
			isa = XCBuildConfiguration;
			buildSettings = {
				ALWAYS_EMBED_SWIFT_STANDARD_LIBRARIES = YES;
				BUNDLE_LOADER = "$(TEST_HOST)";
				CODE_SIGN_STYLE = Automatic;
				CURRENT_PROJECT_VERSION = 1;
				DEVELOPMENT_TEAM = XSJLPH4XDX;
				GENERATE_INFOPLIST_FILE = YES;
				IPHONEOS_DEPLOYMENT_TARGET = 17.0;
				MARKETING_VERSION = 1.0;
				PRODUCT_BUNDLE_IDENTIFIER = korobitsynDev.OneDotTests;
				PRODUCT_NAME = "$(TARGET_NAME)";
				SWIFT_EMIT_LOC_STRINGS = NO;
				SWIFT_VERSION = 5.0;
				TARGETED_DEVICE_FAMILY = "1,2";
				TEST_HOST = "$(BUILT_PRODUCTS_DIR)/OneDot.app/$(BUNDLE_EXECUTABLE_FOLDER_PATH)/OneDot";
			};
			name = Release;
		};
		6502D6D82A595316000F96E0 /* Debug */ = {
			isa = XCBuildConfiguration;
			buildSettings = {
				ALWAYS_EMBED_SWIFT_STANDARD_LIBRARIES = YES;
				CODE_SIGN_STYLE = Automatic;
				CURRENT_PROJECT_VERSION = 1;
				DEVELOPMENT_TEAM = XSJLPH4XDX;
				GENERATE_INFOPLIST_FILE = YES;
				MARKETING_VERSION = 1.0;
				PRODUCT_BUNDLE_IDENTIFIER = korobitsynDev.OneDotUITests;
				PRODUCT_NAME = "$(TARGET_NAME)";
				SWIFT_EMIT_LOC_STRINGS = NO;
				SWIFT_VERSION = 5.0;
				TARGETED_DEVICE_FAMILY = "1,2";
				TEST_TARGET_NAME = OneDot;
			};
			name = Debug;
		};
		6502D6D92A595316000F96E0 /* Release */ = {
			isa = XCBuildConfiguration;
			buildSettings = {
				ALWAYS_EMBED_SWIFT_STANDARD_LIBRARIES = YES;
				CODE_SIGN_STYLE = Automatic;
				CURRENT_PROJECT_VERSION = 1;
				DEVELOPMENT_TEAM = XSJLPH4XDX;
				GENERATE_INFOPLIST_FILE = YES;
				MARKETING_VERSION = 1.0;
				PRODUCT_BUNDLE_IDENTIFIER = korobitsynDev.OneDotUITests;
				PRODUCT_NAME = "$(TARGET_NAME)";
				SWIFT_EMIT_LOC_STRINGS = NO;
				SWIFT_VERSION = 5.0;
				TARGETED_DEVICE_FAMILY = "1,2";
				TEST_TARGET_NAME = OneDot;
			};
			name = Release;
		};
/* End XCBuildConfiguration section */

/* Begin XCConfigurationList section */
		6502D69F2A595315000F96E0 /* Build configuration list for PBXProject "OneDot" */ = {
			isa = XCConfigurationList;
			buildConfigurations = (
				6502D6CF2A595316000F96E0 /* Debug */,
				6502D6D02A595316000F96E0 /* Release */,
			);
			defaultConfigurationIsVisible = 0;
			defaultConfigurationName = Release;
		};
		6502D6D12A595316000F96E0 /* Build configuration list for PBXNativeTarget "OneDot" */ = {
			isa = XCConfigurationList;
			buildConfigurations = (
				6502D6D22A595316000F96E0 /* Debug */,
				6502D6D32A595316000F96E0 /* Release */,
			);
			defaultConfigurationIsVisible = 0;
			defaultConfigurationName = Release;
		};
		6502D6D42A595316000F96E0 /* Build configuration list for PBXNativeTarget "OneDotTests" */ = {
			isa = XCConfigurationList;
			buildConfigurations = (
				6502D6D52A595316000F96E0 /* Debug */,
				6502D6D62A595316000F96E0 /* Release */,
			);
			defaultConfigurationIsVisible = 0;
			defaultConfigurationName = Release;
		};
		6502D6D72A595316000F96E0 /* Build configuration list for PBXNativeTarget "OneDotUITests" */ = {
			isa = XCConfigurationList;
			buildConfigurations = (
				6502D6D82A595316000F96E0 /* Debug */,
				6502D6D92A595316000F96E0 /* Release */,
			);
			defaultConfigurationIsVisible = 0;
			defaultConfigurationName = Release;
		};
/* End XCConfigurationList section */

/* Begin XCVersionGroup section */
		6502D6B02A595315000F96E0 /* OneDot.xcdatamodeld */ = {
			isa = XCVersionGroup;
			children = (
				6502D6B12A595315000F96E0 /* OneDot.xcdatamodel */,
			);
			currentVersion = 6502D6B12A595315000F96E0 /* OneDot.xcdatamodel */;
			path = OneDot.xcdatamodeld;
			sourceTree = "<group>";
			versionGroupType = wrapper.xcdatamodel;
		};
/* End XCVersionGroup section */
	};
	rootObject = 6502D69C2A595315000F96E0 /* Project object */;
}
